// !$*UTF8*$!
{
	archiveVersion = 1;
	classes = {
	};
	objectVersion = 46;
	objects = {

/* Begin PBXBuildFile section */
		9203403D1D9287E500619B28 /* WhoLikeThisViewController.m in Sources */ = {isa = PBXBuildFile; fileRef = 9203403C1D9287E500619B28 /* WhoLikeThisViewController.m */; };
		920391151D6D343E00BC5BE0 /* NewsFeedViewController.m in Sources */ = {isa = PBXBuildFile; fileRef = 920391141D6D343E00BC5BE0 /* NewsFeedViewController.m */; };
		920391191D6D3EAB00BC5BE0 /* StoryTableViewCell.m in Sources */ = {isa = PBXBuildFile; fileRef = 920391181D6D3EAB00BC5BE0 /* StoryTableViewCell.m */; };
		922945011D7D40C300913B0C /* NewsFeedImageView.xib in Resources */ = {isa = PBXBuildFile; fileRef = 922945001D7D40C300913B0C /* NewsFeedImageView.xib */; };
		922DB3F11D6B4D4C00AF2268 /* LoginViewController.m in Sources */ = {isa = PBXBuildFile; fileRef = 922DB3EF1D6B4D4C00AF2268 /* LoginViewController.m */; };
		92441AB51D66A94200F5426A /* main.m in Sources */ = {isa = PBXBuildFile; fileRef = 92D50D781D6540770022772A /* main.m */; };
		92441AB61D66A94D00F5426A /* AppDelegate.m in Sources */ = {isa = PBXBuildFile; fileRef = 92D50D7B1D6540770022772A /* AppDelegate.m */; };
		92441AB71D66A95300F5426A /* ClientSocketController.m in Sources */ = {isa = PBXBuildFile; fileRef = 92441AAA1D66A1A200F5426A /* ClientSocketController.m */; };
		92441AB81D66A95700F5426A /* Comment.m in Sources */ = {isa = PBXBuildFile; fileRef = 92441A9B1D669F0E00F5426A /* Comment.m */; };
		92441AB91D66A95C00F5426A /* Message.m in Sources */ = {isa = PBXBuildFile; fileRef = 92441A9D1D669F0E00F5426A /* Message.m */; };
		92441ABA1D66A96100F5426A /* Story.m in Sources */ = {isa = PBXBuildFile; fileRef = 92441A9F1D669F0E00F5426A /* Story.m */; };
		92441ABB1D66A96500F5426A /* User.m in Sources */ = {isa = PBXBuildFile; fileRef = 92441AA11D669F0E00F5426A /* User.m */; };
		92441AE61D66AD3400F5426A /* ApplicationConstants.m in Sources */ = {isa = PBXBuildFile; fileRef = 92441AE51D66AD3400F5426A /* ApplicationConstants.m */; };
		9247D9F81D9E083F00CB2266 /* MessageTableViewCell.m in Sources */ = {isa = PBXBuildFile; fileRef = 9247D9F71D9E083F00CB2266 /* MessageTableViewCell.m */; };
		924C2BC71D9E6A930077B29B /* MenuItemsViewController.m in Sources */ = {isa = PBXBuildFile; fileRef = 924C2BC61D9E6A930077B29B /* MenuItemsViewController.m */; };
		924E108D1D6D99FE004DE853 /* RequestViewController.m in Sources */ = {isa = PBXBuildFile; fileRef = 924E108C1D6D99FE004DE853 /* RequestViewController.m */; };
		924E10901D6D9AE1004DE853 /* ReceivedRequestTableViewCell.m in Sources */ = {isa = PBXBuildFile; fileRef = 924E108F1D6D9AE1004DE853 /* ReceivedRequestTableViewCell.m */; };
		924E10931D6D9C1B004DE853 /* SentRequestTableViewCell.m in Sources */ = {isa = PBXBuildFile; fileRef = 924E10921D6D9C1B004DE853 /* SentRequestTableViewCell.m */; };
		924E109C1D6DA73C004DE853 /* MainTabBarViewController.m in Sources */ = {isa = PBXBuildFile; fileRef = 924E109B1D6DA73C004DE853 /* MainTabBarViewController.m */; };
		924E109F1D6DBAE3004DE853 /* CALayer+UIColor.m in Sources */ = {isa = PBXBuildFile; fileRef = 924E109E1D6DBAE3004DE853 /* CALayer+UIColor.m */; };
		9285C58B1DA0A5CD003011DF /* MenuItemTableViewCell.m in Sources */ = {isa = PBXBuildFile; fileRef = 9285C58A1DA0A5CD003011DF /* MenuItemTableViewCell.m */; };
		928688761D702C9C0078A599 /* Utils.m in Sources */ = {isa = PBXBuildFile; fileRef = 928688751D702C9C0078A599 /* Utils.m */; };
		928EBC0D1D6C371C001E7D3B /* RegisterView.xib in Resources */ = {isa = PBXBuildFile; fileRef = 928EBC0C1D6C371C001E7D3B /* RegisterView.xib */; };
		929139531D758D5700A0E972 /* ThumbnailCollectionViewCell.m in Sources */ = {isa = PBXBuildFile; fileRef = 929139521D758D5700A0E972 /* ThumbnailCollectionViewCell.m */; };
		929A87AD1D711FEF0027385D /* FViewController.m in Sources */ = {isa = PBXBuildFile; fileRef = 929A87AC1D711FEF0027385D /* FViewController.m */; };
		92A610BD1D94C94600635510 /* TimelineViewController.m in Sources */ = {isa = PBXBuildFile; fileRef = 92A610BC1D94C94600635510 /* TimelineViewController.m */; };
		92A77CBE1D6ED09500FD19A3 /* SearchFriendViewController.m in Sources */ = {isa = PBXBuildFile; fileRef = 92A77CBD1D6ED09500FD19A3 /* SearchFriendViewController.m */; };
		92A9206A1D90C89D00C6F007 /* FriendsViewController.m in Sources */ = {isa = PBXBuildFile; fileRef = 92A920691D90C89D00C6F007 /* FriendsViewController.m */; };
		92A9206D1D90C9F600C6F007 /* FriendTableViewCell.m in Sources */ = {isa = PBXBuildFile; fileRef = 92A9206C1D90C9F600C6F007 /* FriendTableViewCell.m */; };
		92AF4F731D6ED3E100B92297 /* SearchFriendTableViewCell.m in Sources */ = {isa = PBXBuildFile; fileRef = 92AF4F721D6ED3E100B92297 /* SearchFriendTableViewCell.m */; };
		92AF4F761D6ED72E00B92297 /* UIViewConstant.m in Sources */ = {isa = PBXBuildFile; fileRef = 92AF4F751D6ED72E00B92297 /* UIViewConstant.m */; };
		92B7CE9C1D7094900077240B /* ActivityIndicatorView.xib in Resources */ = {isa = PBXBuildFile; fileRef = 92B7CE9B1D7094900077240B /* ActivityIndicatorView.xib */; };
		92BBFE9D1DA37BEA00E8C3A5 /* SubMenusViewController.m in Sources */ = {isa = PBXBuildFile; fileRef = 92BBFE9C1DA37BEA00E8C3A5 /* SubMenusViewController.m */; };
		92BBFEA01DA37C1D00E8C3A5 /* SubMenuTableViewCell.m in Sources */ = {isa = PBXBuildFile; fileRef = 92BBFE9F1DA37C1D00E8C3A5 /* SubMenuTableViewCell.m */; };
		92C869861D7807430022F0D6 /* NSDate+TimeDiff.m in Sources */ = {isa = PBXBuildFile; fileRef = 92C869851D7807430022F0D6 /* NSDate+TimeDiff.m */; };
		92C869891D78267B0022F0D6 /* FDateFormatter.m in Sources */ = {isa = PBXBuildFile; fileRef = 92C869881D78267B0022F0D6 /* FDateFormatter.m */; };
		92CE61FA1D6FFCAC00E31C34 /* NewStoryViewController.m in Sources */ = {isa = PBXBuildFile; fileRef = 92CE61F91D6FFCAC00E31C34 /* NewStoryViewController.m */; };
		92D30A461D9BC9AB0080831C /* MessageDetailViewController.m in Sources */ = {isa = PBXBuildFile; fileRef = 92D30A451D9BC9AB0080831C /* MessageDetailViewController.m */; };
		92D30A491D9BCB220080831C /* MessageDetailTableViewCell.m in Sources */ = {isa = PBXBuildFile; fileRef = 92D30A481D9BCB220080831C /* MessageDetailTableViewCell.m */; };
		92D50D841D6540770022772A /* Assets.xcassets in Resources */ = {isa = PBXBuildFile; fileRef = 92D50D831D6540770022772A /* Assets.xcassets */; };
		92EB83611D6BDB9E004119FD /* RegisterViewController.m in Sources */ = {isa = PBXBuildFile; fileRef = 92EB835F1D6BDB9E004119FD /* RegisterViewController.m */; };
		92EB83651D6BEC1E004119FD /* Main.storyboard in Resources */ = {isa = PBXBuildFile; fileRef = 92EB83641D6BEC1E004119FD /* Main.storyboard */; };
		92F382421D9BB87B0056A899 /* MessagesViewController.m in Sources */ = {isa = PBXBuildFile; fileRef = 92F382411D9BB87B0056A899 /* MessagesViewController.m */; };
		92F840501D86A1FE00D32163 /* CommentsViewController.m in Sources */ = {isa = PBXBuildFile; fileRef = 92F8404F1D86A1FE00D32163 /* CommentsViewController.m */; };
		92F840531D86A3E600D32163 /* CommentTableViewCell.m in Sources */ = {isa = PBXBuildFile; fileRef = 92F840521D86A3E600D32163 /* CommentTableViewCell.m */; };
		A0A54C367DD48DE731058ED9 /* Pods_ShareMe.framework in Frameworks */ = {isa = PBXBuildFile; fileRef = 735C3B48E172C38BC4493FD5 /* Pods_ShareMe.framework */; };
/* End PBXBuildFile section */

/* Begin PBXFileReference section */
		0EDEA1FB161204A0BD2CE6B5 /* Pods-ShareMe.debug.xcconfig */ = {isa = PBXFileReference; includeInIndex = 1; lastKnownFileType = text.xcconfig; name = "Pods-ShareMe.debug.xcconfig"; path = "Pods/Target Support Files/Pods-ShareMe/Pods-ShareMe.debug.xcconfig"; sourceTree = "<group>"; };
		735C3B48E172C38BC4493FD5 /* Pods_ShareMe.framework */ = {isa = PBXFileReference; explicitFileType = wrapper.framework; includeInIndex = 0; path = Pods_ShareMe.framework; sourceTree = BUILT_PRODUCTS_DIR; };
		7931857DC026561F20153570 /* Pods-ShareMe.release.xcconfig */ = {isa = PBXFileReference; includeInIndex = 1; lastKnownFileType = text.xcconfig; name = "Pods-ShareMe.release.xcconfig"; path = "Pods/Target Support Files/Pods-ShareMe/Pods-ShareMe.release.xcconfig"; sourceTree = "<group>"; };
		9203403B1D9287E500619B28 /* WhoLikeThisViewController.h */ = {isa = PBXFileReference; fileEncoding = 4; lastKnownFileType = sourcecode.c.h; path = WhoLikeThisViewController.h; sourceTree = "<group>"; };
		9203403C1D9287E500619B28 /* WhoLikeThisViewController.m */ = {isa = PBXFileReference; fileEncoding = 4; lastKnownFileType = sourcecode.c.objc; path = WhoLikeThisViewController.m; sourceTree = "<group>"; };
		920391131D6D343E00BC5BE0 /* NewsFeedViewController.h */ = {isa = PBXFileReference; fileEncoding = 4; lastKnownFileType = sourcecode.c.h; path = NewsFeedViewController.h; sourceTree = "<group>"; };
		920391141D6D343E00BC5BE0 /* NewsFeedViewController.m */ = {isa = PBXFileReference; fileEncoding = 4; lastKnownFileType = sourcecode.c.objc; path = NewsFeedViewController.m; sourceTree = "<group>"; };
		920391171D6D3EAB00BC5BE0 /* StoryTableViewCell.h */ = {isa = PBXFileReference; fileEncoding = 4; lastKnownFileType = sourcecode.c.h; path = StoryTableViewCell.h; sourceTree = "<group>"; };
		920391181D6D3EAB00BC5BE0 /* StoryTableViewCell.m */ = {isa = PBXFileReference; fileEncoding = 4; lastKnownFileType = sourcecode.c.objc; path = StoryTableViewCell.m; sourceTree = "<group>"; };
		922945001D7D40C300913B0C /* NewsFeedImageView.xib */ = {isa = PBXFileReference; fileEncoding = 4; lastKnownFileType = file.xib; path = NewsFeedImageView.xib; sourceTree = "<group>"; };
		922DB3EE1D6B4D4C00AF2268 /* LoginViewController.h */ = {isa = PBXFileReference; fileEncoding = 4; lastKnownFileType = sourcecode.c.h; path = LoginViewController.h; sourceTree = "<group>"; };
		922DB3EF1D6B4D4C00AF2268 /* LoginViewController.m */ = {isa = PBXFileReference; fileEncoding = 4; lastKnownFileType = sourcecode.c.objc; path = LoginViewController.m; sourceTree = "<group>"; };
		92441A9A1D669F0E00F5426A /* Comment.h */ = {isa = PBXFileReference; fileEncoding = 4; lastKnownFileType = sourcecode.c.h; name = Comment.h; path = ../Models/Comment.h; sourceTree = "<group>"; };
		92441A9B1D669F0E00F5426A /* Comment.m */ = {isa = PBXFileReference; fileEncoding = 4; lastKnownFileType = sourcecode.c.objc; name = Comment.m; path = ../Models/Comment.m; sourceTree = "<group>"; };
		92441A9C1D669F0E00F5426A /* Message.h */ = {isa = PBXFileReference; fileEncoding = 4; lastKnownFileType = sourcecode.c.h; name = Message.h; path = ../Models/Message.h; sourceTree = "<group>"; };
		92441A9D1D669F0E00F5426A /* Message.m */ = {isa = PBXFileReference; fileEncoding = 4; lastKnownFileType = sourcecode.c.objc; name = Message.m; path = ../Models/Message.m; sourceTree = "<group>"; };
		92441A9E1D669F0E00F5426A /* Story.h */ = {isa = PBXFileReference; fileEncoding = 4; lastKnownFileType = sourcecode.c.h; name = Story.h; path = ../Models/Story.h; sourceTree = "<group>"; };
		92441A9F1D669F0E00F5426A /* Story.m */ = {isa = PBXFileReference; fileEncoding = 4; lastKnownFileType = sourcecode.c.objc; name = Story.m; path = ../Models/Story.m; sourceTree = "<group>"; };
		92441AA01D669F0E00F5426A /* User.h */ = {isa = PBXFileReference; fileEncoding = 4; lastKnownFileType = sourcecode.c.h; name = User.h; path = ../Models/User.h; sourceTree = "<group>"; };
		92441AA11D669F0E00F5426A /* User.m */ = {isa = PBXFileReference; fileEncoding = 4; lastKnownFileType = sourcecode.c.objc; name = User.m; path = ../Models/User.m; sourceTree = "<group>"; };
		92441AA91D66A1A200F5426A /* ClientSocketController.h */ = {isa = PBXFileReference; fileEncoding = 4; lastKnownFileType = sourcecode.c.h; path = ClientSocketController.h; sourceTree = "<group>"; };
		92441AAA1D66A1A200F5426A /* ClientSocketController.m */ = {isa = PBXFileReference; fileEncoding = 4; lastKnownFileType = sourcecode.c.objc; path = ClientSocketController.m; sourceTree = "<group>"; };
		92441AAD1D66A2A500F5426A /* ResponseHandler.h */ = {isa = PBXFileReference; lastKnownFileType = sourcecode.c.h; path = ResponseHandler.h; sourceTree = "<group>"; };
		92441AAE1D66A2A500F5426A /* RequestHandler.h */ = {isa = PBXFileReference; lastKnownFileType = sourcecode.c.h; path = RequestHandler.h; sourceTree = "<group>"; };
		92441AB01D66A2E100F5426A /* UIViewController+ResponseHandler.h */ = {isa = PBXFileReference; fileEncoding = 4; lastKnownFileType = sourcecode.c.h; path = "UIViewController+ResponseHandler.h"; sourceTree = "<group>"; };
		92441AB11D66A2E100F5426A /* UIViewController+RequestHandler.h */ = {isa = PBXFileReference; fileEncoding = 4; lastKnownFileType = sourcecode.c.h; path = "UIViewController+RequestHandler.h"; sourceTree = "<group>"; };
		92441AE41D66AD3400F5426A /* ApplicationConstants.h */ = {isa = PBXFileReference; fileEncoding = 4; lastKnownFileType = sourcecode.c.h; path = ApplicationConstants.h; sourceTree = "<group>"; };
		92441AE51D66AD3400F5426A /* ApplicationConstants.m */ = {isa = PBXFileReference; fileEncoding = 4; lastKnownFileType = sourcecode.c.objc; path = ApplicationConstants.m; sourceTree = "<group>"; };
		9247D9F61D9E083F00CB2266 /* MessageTableViewCell.h */ = {isa = PBXFileReference; fileEncoding = 4; lastKnownFileType = sourcecode.c.h; path = MessageTableViewCell.h; sourceTree = "<group>"; };
		9247D9F71D9E083F00CB2266 /* MessageTableViewCell.m */ = {isa = PBXFileReference; fileEncoding = 4; lastKnownFileType = sourcecode.c.objc; path = MessageTableViewCell.m; sourceTree = "<group>"; };
		924C2BC51D9E6A930077B29B /* MenuItemsViewController.h */ = {isa = PBXFileReference; fileEncoding = 4; lastKnownFileType = sourcecode.c.h; path = MenuItemsViewController.h; sourceTree = "<group>"; };
		924C2BC61D9E6A930077B29B /* MenuItemsViewController.m */ = {isa = PBXFileReference; fileEncoding = 4; lastKnownFileType = sourcecode.c.objc; path = MenuItemsViewController.m; sourceTree = "<group>"; };
		924E108B1D6D99FE004DE853 /* RequestViewController.h */ = {isa = PBXFileReference; fileEncoding = 4; lastKnownFileType = sourcecode.c.h; path = RequestViewController.h; sourceTree = "<group>"; };
		924E108C1D6D99FE004DE853 /* RequestViewController.m */ = {isa = PBXFileReference; fileEncoding = 4; lastKnownFileType = sourcecode.c.objc; path = RequestViewController.m; sourceTree = "<group>"; };
		924E108E1D6D9AE1004DE853 /* ReceivedRequestTableViewCell.h */ = {isa = PBXFileReference; fileEncoding = 4; lastKnownFileType = sourcecode.c.h; path = ReceivedRequestTableViewCell.h; sourceTree = "<group>"; };
		924E108F1D6D9AE1004DE853 /* ReceivedRequestTableViewCell.m */ = {isa = PBXFileReference; fileEncoding = 4; lastKnownFileType = sourcecode.c.objc; path = ReceivedRequestTableViewCell.m; sourceTree = "<group>"; };
		924E10911D6D9C1B004DE853 /* SentRequestTableViewCell.h */ = {isa = PBXFileReference; fileEncoding = 4; lastKnownFileType = sourcecode.c.h; path = SentRequestTableViewCell.h; sourceTree = "<group>"; };
		924E10921D6D9C1B004DE853 /* SentRequestTableViewCell.m */ = {isa = PBXFileReference; fileEncoding = 4; lastKnownFileType = sourcecode.c.objc; path = SentRequestTableViewCell.m; sourceTree = "<group>"; };
		924E109A1D6DA73C004DE853 /* MainTabBarViewController.h */ = {isa = PBXFileReference; fileEncoding = 4; lastKnownFileType = sourcecode.c.h; path = MainTabBarViewController.h; sourceTree = "<group>"; };
		924E109B1D6DA73C004DE853 /* MainTabBarViewController.m */ = {isa = PBXFileReference; fileEncoding = 4; lastKnownFileType = sourcecode.c.objc; path = MainTabBarViewController.m; sourceTree = "<group>"; };
		924E109D1D6DBAE3004DE853 /* CALayer+UIColor.h */ = {isa = PBXFileReference; fileEncoding = 4; lastKnownFileType = sourcecode.c.h; path = "CALayer+UIColor.h"; sourceTree = "<group>"; };
		924E109E1D6DBAE3004DE853 /* CALayer+UIColor.m */ = {isa = PBXFileReference; fileEncoding = 4; lastKnownFileType = sourcecode.c.objc; path = "CALayer+UIColor.m"; sourceTree = "<group>"; };
		9285C5891DA0A5CD003011DF /* MenuItemTableViewCell.h */ = {isa = PBXFileReference; fileEncoding = 4; lastKnownFileType = sourcecode.c.h; path = MenuItemTableViewCell.h; sourceTree = "<group>"; };
		9285C58A1DA0A5CD003011DF /* MenuItemTableViewCell.m */ = {isa = PBXFileReference; fileEncoding = 4; lastKnownFileType = sourcecode.c.objc; path = MenuItemTableViewCell.m; sourceTree = "<group>"; };
		928688741D702C9C0078A599 /* Utils.h */ = {isa = PBXFileReference; fileEncoding = 4; lastKnownFileType = sourcecode.c.h; path = Utils.h; sourceTree = "<group>"; };
		928688751D702C9C0078A599 /* Utils.m */ = {isa = PBXFileReference; fileEncoding = 4; lastKnownFileType = sourcecode.c.objc; path = Utils.m; sourceTree = "<group>"; };
		928EBC0C1D6C371C001E7D3B /* RegisterView.xib */ = {isa = PBXFileReference; fileEncoding = 4; lastKnownFileType = file.xib; path = RegisterView.xib; sourceTree = "<group>"; };
		929139511D758D5700A0E972 /* ThumbnailCollectionViewCell.h */ = {isa = PBXFileReference; fileEncoding = 4; lastKnownFileType = sourcecode.c.h; path = ThumbnailCollectionViewCell.h; sourceTree = "<group>"; };
		929139521D758D5700A0E972 /* ThumbnailCollectionViewCell.m */ = {isa = PBXFileReference; fileEncoding = 4; lastKnownFileType = sourcecode.c.objc; path = ThumbnailCollectionViewCell.m; sourceTree = "<group>"; };
		929A87AB1D711FEF0027385D /* FViewController.h */ = {isa = PBXFileReference; fileEncoding = 4; lastKnownFileType = sourcecode.c.h; path = FViewController.h; sourceTree = "<group>"; };
		929A87AC1D711FEF0027385D /* FViewController.m */ = {isa = PBXFileReference; fileEncoding = 4; lastKnownFileType = sourcecode.c.objc; path = FViewController.m; sourceTree = "<group>"; };
		92A610BB1D94C94600635510 /* TimelineViewController.h */ = {isa = PBXFileReference; fileEncoding = 4; lastKnownFileType = sourcecode.c.h; path = TimelineViewController.h; sourceTree = "<group>"; };
		92A610BC1D94C94600635510 /* TimelineViewController.m */ = {isa = PBXFileReference; fileEncoding = 4; lastKnownFileType = sourcecode.c.objc; path = TimelineViewController.m; sourceTree = "<group>"; };
		92A77CBC1D6ED09500FD19A3 /* SearchFriendViewController.h */ = {isa = PBXFileReference; fileEncoding = 4; lastKnownFileType = sourcecode.c.h; path = SearchFriendViewController.h; sourceTree = "<group>"; };
		92A77CBD1D6ED09500FD19A3 /* SearchFriendViewController.m */ = {isa = PBXFileReference; fileEncoding = 4; lastKnownFileType = sourcecode.c.objc; path = SearchFriendViewController.m; sourceTree = "<group>"; };
		92A920681D90C89D00C6F007 /* FriendsViewController.h */ = {isa = PBXFileReference; fileEncoding = 4; lastKnownFileType = sourcecode.c.h; path = FriendsViewController.h; sourceTree = "<group>"; };
		92A920691D90C89D00C6F007 /* FriendsViewController.m */ = {isa = PBXFileReference; fileEncoding = 4; lastKnownFileType = sourcecode.c.objc; path = FriendsViewController.m; sourceTree = "<group>"; };
		92A9206B1D90C9F600C6F007 /* FriendTableViewCell.h */ = {isa = PBXFileReference; fileEncoding = 4; lastKnownFileType = sourcecode.c.h; path = FriendTableViewCell.h; sourceTree = "<group>"; };
		92A9206C1D90C9F600C6F007 /* FriendTableViewCell.m */ = {isa = PBXFileReference; fileEncoding = 4; lastKnownFileType = sourcecode.c.objc; path = FriendTableViewCell.m; sourceTree = "<group>"; };
		92AF4F711D6ED3E100B92297 /* SearchFriendTableViewCell.h */ = {isa = PBXFileReference; fileEncoding = 4; lastKnownFileType = sourcecode.c.h; path = SearchFriendTableViewCell.h; sourceTree = "<group>"; };
		92AF4F721D6ED3E100B92297 /* SearchFriendTableViewCell.m */ = {isa = PBXFileReference; fileEncoding = 4; lastKnownFileType = sourcecode.c.objc; path = SearchFriendTableViewCell.m; sourceTree = "<group>"; };
		92AF4F741D6ED72E00B92297 /* UIViewConstant.h */ = {isa = PBXFileReference; fileEncoding = 4; lastKnownFileType = sourcecode.c.h; path = UIViewConstant.h; sourceTree = "<group>"; };
		92AF4F751D6ED72E00B92297 /* UIViewConstant.m */ = {isa = PBXFileReference; fileEncoding = 4; lastKnownFileType = sourcecode.c.objc; path = UIViewConstant.m; sourceTree = "<group>"; };
		92B7CE9B1D7094900077240B /* ActivityIndicatorView.xib */ = {isa = PBXFileReference; fileEncoding = 4; lastKnownFileType = file.xib; path = ActivityIndicatorView.xib; sourceTree = "<group>"; };
		92BBFE9B1DA37BEA00E8C3A5 /* SubMenusViewController.h */ = {isa = PBXFileReference; fileEncoding = 4; lastKnownFileType = sourcecode.c.h; path = SubMenusViewController.h; sourceTree = "<group>"; };
		92BBFE9C1DA37BEA00E8C3A5 /* SubMenusViewController.m */ = {isa = PBXFileReference; fileEncoding = 4; lastKnownFileType = sourcecode.c.objc; path = SubMenusViewController.m; sourceTree = "<group>"; };
		92BBFE9E1DA37C1D00E8C3A5 /* SubMenuTableViewCell.h */ = {isa = PBXFileReference; fileEncoding = 4; lastKnownFileType = sourcecode.c.h; path = SubMenuTableViewCell.h; sourceTree = "<group>"; };
		92BBFE9F1DA37C1D00E8C3A5 /* SubMenuTableViewCell.m */ = {isa = PBXFileReference; fileEncoding = 4; lastKnownFileType = sourcecode.c.objc; path = SubMenuTableViewCell.m; sourceTree = "<group>"; };
		92C869841D7807430022F0D6 /* NSDate+TimeDiff.h */ = {isa = PBXFileReference; fileEncoding = 4; lastKnownFileType = sourcecode.c.h; path = "NSDate+TimeDiff.h"; sourceTree = "<group>"; };
		92C869851D7807430022F0D6 /* NSDate+TimeDiff.m */ = {isa = PBXFileReference; fileEncoding = 4; lastKnownFileType = sourcecode.c.objc; path = "NSDate+TimeDiff.m"; sourceTree = "<group>"; };
		92C869871D78267B0022F0D6 /* FDateFormatter.h */ = {isa = PBXFileReference; fileEncoding = 4; lastKnownFileType = sourcecode.c.h; path = FDateFormatter.h; sourceTree = "<group>"; };
		92C869881D78267B0022F0D6 /* FDateFormatter.m */ = {isa = PBXFileReference; fileEncoding = 4; lastKnownFileType = sourcecode.c.objc; path = FDateFormatter.m; sourceTree = "<group>"; };
		92CE61F81D6FFCAC00E31C34 /* NewStoryViewController.h */ = {isa = PBXFileReference; fileEncoding = 4; lastKnownFileType = sourcecode.c.h; path = NewStoryViewController.h; sourceTree = "<group>"; };
		92CE61F91D6FFCAC00E31C34 /* NewStoryViewController.m */ = {isa = PBXFileReference; fileEncoding = 4; lastKnownFileType = sourcecode.c.objc; path = NewStoryViewController.m; sourceTree = "<group>"; };
		92D30A441D9BC9AB0080831C /* MessageDetailViewController.h */ = {isa = PBXFileReference; fileEncoding = 4; lastKnownFileType = sourcecode.c.h; path = MessageDetailViewController.h; sourceTree = "<group>"; };
		92D30A451D9BC9AB0080831C /* MessageDetailViewController.m */ = {isa = PBXFileReference; fileEncoding = 4; lastKnownFileType = sourcecode.c.objc; path = MessageDetailViewController.m; sourceTree = "<group>"; };
		92D30A471D9BCB220080831C /* MessageDetailTableViewCell.h */ = {isa = PBXFileReference; fileEncoding = 4; lastKnownFileType = sourcecode.c.h; path = MessageDetailTableViewCell.h; sourceTree = "<group>"; };
		92D30A481D9BCB220080831C /* MessageDetailTableViewCell.m */ = {isa = PBXFileReference; fileEncoding = 4; lastKnownFileType = sourcecode.c.objc; path = MessageDetailTableViewCell.m; sourceTree = "<group>"; };
		92D50D741D6540770022772A /* ShareMe.app */ = {isa = PBXFileReference; explicitFileType = wrapper.application; includeInIndex = 0; path = ShareMe.app; sourceTree = BUILT_PRODUCTS_DIR; };
		92D50D781D6540770022772A /* main.m */ = {isa = PBXFileReference; lastKnownFileType = sourcecode.c.objc; path = main.m; sourceTree = "<group>"; };
		92D50D7A1D6540770022772A /* AppDelegate.h */ = {isa = PBXFileReference; lastKnownFileType = sourcecode.c.h; path = AppDelegate.h; sourceTree = "<group>"; };
		92D50D7B1D6540770022772A /* AppDelegate.m */ = {isa = PBXFileReference; lastKnownFileType = sourcecode.c.objc; path = AppDelegate.m; sourceTree = "<group>"; };
		92D50D831D6540770022772A /* Assets.xcassets */ = {isa = PBXFileReference; lastKnownFileType = folder.assetcatalog; path = Assets.xcassets; sourceTree = "<group>"; };
		92D50D881D6540770022772A /* Info.plist */ = {isa = PBXFileReference; lastKnownFileType = text.plist.xml; path = Info.plist; sourceTree = "<group>"; };
		92EB835E1D6BDB9E004119FD /* RegisterViewController.h */ = {isa = PBXFileReference; fileEncoding = 4; lastKnownFileType = sourcecode.c.h; path = RegisterViewController.h; sourceTree = "<group>"; };
		92EB835F1D6BDB9E004119FD /* RegisterViewController.m */ = {isa = PBXFileReference; fileEncoding = 4; lastKnownFileType = sourcecode.c.objc; path = RegisterViewController.m; sourceTree = "<group>"; };
		92EB83641D6BEC1E004119FD /* Main.storyboard */ = {isa = PBXFileReference; fileEncoding = 4; lastKnownFileType = file.storyboard; path = Main.storyboard; sourceTree = "<group>"; };
		92F382401D9BB87B0056A899 /* MessagesViewController.h */ = {isa = PBXFileReference; fileEncoding = 4; lastKnownFileType = sourcecode.c.h; path = MessagesViewController.h; sourceTree = "<group>"; };
		92F382411D9BB87B0056A899 /* MessagesViewController.m */ = {isa = PBXFileReference; fileEncoding = 4; lastKnownFileType = sourcecode.c.objc; path = MessagesViewController.m; sourceTree = "<group>"; };
		92F8404E1D86A1FE00D32163 /* CommentsViewController.h */ = {isa = PBXFileReference; fileEncoding = 4; lastKnownFileType = sourcecode.c.h; path = CommentsViewController.h; sourceTree = "<group>"; };
		92F8404F1D86A1FE00D32163 /* CommentsViewController.m */ = {isa = PBXFileReference; fileEncoding = 4; lastKnownFileType = sourcecode.c.objc; path = CommentsViewController.m; sourceTree = "<group>"; };
		92F840511D86A3E600D32163 /* CommentTableViewCell.h */ = {isa = PBXFileReference; fileEncoding = 4; lastKnownFileType = sourcecode.c.h; path = CommentTableViewCell.h; sourceTree = "<group>"; };
		92F840521D86A3E600D32163 /* CommentTableViewCell.m */ = {isa = PBXFileReference; fileEncoding = 4; lastKnownFileType = sourcecode.c.objc; path = CommentTableViewCell.m; sourceTree = "<group>"; };
/* End PBXFileReference section */

/* Begin PBXFrameworksBuildPhase section */
		92D50D711D6540770022772A /* Frameworks */ = {
			isa = PBXFrameworksBuildPhase;
			buildActionMask = 2147483647;
			files = (
				A0A54C367DD48DE731058ED9 /* Pods_ShareMe.framework in Frameworks */,
			);
			runOnlyForDeploymentPostprocessing = 0;
		};
/* End PBXFrameworksBuildPhase section */

/* Begin PBXGroup section */
		9203403A1D9287C800619B28 /* WhoLikeThisViewController */ = {
			isa = PBXGroup;
			children = (
				9203403B1D9287E500619B28 /* WhoLikeThisViewController.h */,
				9203403C1D9287E500619B28 /* WhoLikeThisViewController.m */,
			);
			path = WhoLikeThisViewController;
			sourceTree = "<group>";
		};
		9203910F1D6D33F600BC5BE0 /* NewsFeedViewController */ = {
			isa = PBXGroup;
			children = (
				920391131D6D343E00BC5BE0 /* NewsFeedViewController.h */,
				920391141D6D343E00BC5BE0 /* NewsFeedViewController.m */,
			);
			path = NewsFeedViewController;
			sourceTree = "<group>";
		};
		920391161D6D3E7000BC5BE0 /* TableViewCell */ = {
			isa = PBXGroup;
			children = (
				920391171D6D3EAB00BC5BE0 /* StoryTableViewCell.h */,
				920391181D6D3EAB00BC5BE0 /* StoryTableViewCell.m */,
				924E108E1D6D9AE1004DE853 /* ReceivedRequestTableViewCell.h */,
				924E108F1D6D9AE1004DE853 /* ReceivedRequestTableViewCell.m */,
				924E10911D6D9C1B004DE853 /* SentRequestTableViewCell.h */,
				924E10921D6D9C1B004DE853 /* SentRequestTableViewCell.m */,
				92AF4F711D6ED3E100B92297 /* SearchFriendTableViewCell.h */,
				92AF4F721D6ED3E100B92297 /* SearchFriendTableViewCell.m */,
				92F840511D86A3E600D32163 /* CommentTableViewCell.h */,
				92F840521D86A3E600D32163 /* CommentTableViewCell.m */,
				92A9206B1D90C9F600C6F007 /* FriendTableViewCell.h */,
				92A9206C1D90C9F600C6F007 /* FriendTableViewCell.m */,
				92D30A471D9BCB220080831C /* MessageDetailTableViewCell.h */,
				92D30A481D9BCB220080831C /* MessageDetailTableViewCell.m */,
				9247D9F61D9E083F00CB2266 /* MessageTableViewCell.h */,
				9247D9F71D9E083F00CB2266 /* MessageTableViewCell.m */,
				9285C5891DA0A5CD003011DF /* MenuItemTableViewCell.h */,
				9285C58A1DA0A5CD003011DF /* MenuItemTableViewCell.m */,
				92BBFE9E1DA37C1D00E8C3A5 /* SubMenuTableViewCell.h */,
				92BBFE9F1DA37C1D00E8C3A5 /* SubMenuTableViewCell.m */,
			);
			path = TableViewCell;
			sourceTree = "<group>";
		};
		922DB3EC1D6B4CD100AF2268 /* ViewControllers */ = {
			isa = PBXGroup;
			children = (
				92BBFE9A1DA37BCE00E8C3A5 /* SubMenusViewController */,
				924C2BC41D9E6A6B0077B29B /* MenuItemsViewController */,
				92D30A431D9BC9920080831C /* MessageDetailViewController */,
				92F3823F1D9BB86B0056A899 /* MessagesViewController */,
				92A610BA1D94C91900635510 /* TimelineViewController */,
				9203403A1D9287C800619B28 /* WhoLikeThisViewController */,
				92A920671D90C88500C6F007 /* FriendsViewController */,
				92F8404D1D86A1E600D32163 /* CommentsViewController */,
				92CE61F71D6FFC9A00E31C34 /* NewStoryViewController */,
				92A77CBB1D6ED07E00FD19A3 /* SearchFriendViewController */,
				924E109A1D6DA73C004DE853 /* MainTabBarViewController.h */,
				924E109B1D6DA73C004DE853 /* MainTabBarViewController.m */,
				924E108A1D6D99E7004DE853 /* RequestsViewController */,
				9203910F1D6D33F600BC5BE0 /* NewsFeedViewController */,
				92EB835D1D6BDB0A004119FD /* RegisterViewController */,
				922DB3ED1D6B4D0400AF2268 /* LoginViewController */,
			);
			path = ViewControllers;
			sourceTree = "<group>";
		};
		922DB3ED1D6B4D0400AF2268 /* LoginViewController */ = {
			isa = PBXGroup;
			children = (
				922DB3EE1D6B4D4C00AF2268 /* LoginViewController.h */,
				922DB3EF1D6B4D4C00AF2268 /* LoginViewController.m */,
			);
			path = LoginViewController;
			sourceTree = "<group>";
		};
		92441AA81D669FE000F5426A /* ClientSocketController */ = {
			isa = PBXGroup;
			children = (
				92441AA91D66A1A200F5426A /* ClientSocketController.h */,
				92441AAA1D66A1A200F5426A /* ClientSocketController.m */,
			);
			name = ClientSocketController;
			path = ../Controllers/ClientSocketController;
			sourceTree = "<group>";
		};
		92441AAC1D66A28A00F5426A /* Protocols */ = {
			isa = PBXGroup;
			children = (
				92441AAD1D66A2A500F5426A /* ResponseHandler.h */,
				92441AAE1D66A2A500F5426A /* RequestHandler.h */,
			);
			path = Protocols;
			sourceTree = "<group>";
		};
		92441AAF1D66A2C800F5426A /* Extensions */ = {
			isa = PBXGroup;
			children = (
				92441AB01D66A2E100F5426A /* UIViewController+ResponseHandler.h */,
				92441AB11D66A2E100F5426A /* UIViewController+RequestHandler.h */,
				924E109D1D6DBAE3004DE853 /* CALayer+UIColor.h */,
				924E109E1D6DBAE3004DE853 /* CALayer+UIColor.m */,
				92C869841D7807430022F0D6 /* NSDate+TimeDiff.h */,
				92C869851D7807430022F0D6 /* NSDate+TimeDiff.m */,
			);
			path = Extensions;
			sourceTree = "<group>";
		};
		92441AB21D66A76300F5426A /* Models */ = {
			isa = PBXGroup;
			children = (
				92441A9A1D669F0E00F5426A /* Comment.h */,
				92441A9B1D669F0E00F5426A /* Comment.m */,
				92441A9C1D669F0E00F5426A /* Message.h */,
				92441A9D1D669F0E00F5426A /* Message.m */,
				92441A9E1D669F0E00F5426A /* Story.h */,
				92441A9F1D669F0E00F5426A /* Story.m */,
				92441AA01D669F0E00F5426A /* User.h */,
				92441AA11D669F0E00F5426A /* User.m */,
			);
			path = Models;
			sourceTree = "<group>";
		};
		92441AB31D66A7B100F5426A /* Controllers */ = {
			isa = PBXGroup;
			children = (
				92441AA81D669FE000F5426A /* ClientSocketController */,
			);
			path = Controllers;
			sourceTree = "<group>";
		};
		92441AE31D66AD1600F5426A /* Constants */ = {
			isa = PBXGroup;
			children = (
				92441AE41D66AD3400F5426A /* ApplicationConstants.h */,
				92441AE51D66AD3400F5426A /* ApplicationConstants.m */,
				92AF4F741D6ED72E00B92297 /* UIViewConstant.h */,
				92AF4F751D6ED72E00B92297 /* UIViewConstant.m */,
			);
			path = Constants;
			sourceTree = "<group>";
		};
		924C2BC41D9E6A6B0077B29B /* MenuItemsViewController */ = {
			isa = PBXGroup;
			children = (
				924C2BC51D9E6A930077B29B /* MenuItemsViewController.h */,
				924C2BC61D9E6A930077B29B /* MenuItemsViewController.m */,
			);
			path = MenuItemsViewController;
			sourceTree = "<group>";
		};
		924E108A1D6D99E7004DE853 /* RequestsViewController */ = {
			isa = PBXGroup;
			children = (
				924E108B1D6D99FE004DE853 /* RequestViewController.h */,
				924E108C1D6D99FE004DE853 /* RequestViewController.m */,
			);
			path = RequestsViewController;
			sourceTree = "<group>";
		};
		928688731D702C6B0078A599 /* Utils */ = {
			isa = PBXGroup;
			children = (
				928688741D702C9C0078A599 /* Utils.h */,
				928688751D702C9C0078A599 /* Utils.m */,
				929A87AB1D711FEF0027385D /* FViewController.h */,
				929A87AC1D711FEF0027385D /* FViewController.m */,
				92C869871D78267B0022F0D6 /* FDateFormatter.h */,
				92C869881D78267B0022F0D6 /* FDateFormatter.m */,
			);
			path = Utils;
			sourceTree = "<group>";
		};
		928EBBFF1D6C2C28001E7D3B /* XIBs */ = {
			isa = PBXGroup;
			children = (
				922945001D7D40C300913B0C /* NewsFeedImageView.xib */,
				928EBC0C1D6C371C001E7D3B /* RegisterView.xib */,
				92B7CE9B1D7094900077240B /* ActivityIndicatorView.xib */,
			);
			path = XIBs;
			sourceTree = "<group>";
		};
		929139501D758D4500A0E972 /* CollectionViewCell */ = {
			isa = PBXGroup;
			children = (
				929139511D758D5700A0E972 /* ThumbnailCollectionViewCell.h */,
				929139521D758D5700A0E972 /* ThumbnailCollectionViewCell.m */,
			);
			path = CollectionViewCell;
			sourceTree = "<group>";
		};
		92A610BA1D94C91900635510 /* TimelineViewController */ = {
			isa = PBXGroup;
			children = (
				92A610BB1D94C94600635510 /* TimelineViewController.h */,
				92A610BC1D94C94600635510 /* TimelineViewController.m */,
			);
			path = TimelineViewController;
			sourceTree = "<group>";
		};
		92A77CBB1D6ED07E00FD19A3 /* SearchFriendViewController */ = {
			isa = PBXGroup;
			children = (
				92A77CBC1D6ED09500FD19A3 /* SearchFriendViewController.h */,
				92A77CBD1D6ED09500FD19A3 /* SearchFriendViewController.m */,
			);
			path = SearchFriendViewController;
			sourceTree = "<group>";
		};
		92A920671D90C88500C6F007 /* FriendsViewController */ = {
			isa = PBXGroup;
			children = (
				92A920681D90C89D00C6F007 /* FriendsViewController.h */,
				92A920691D90C89D00C6F007 /* FriendsViewController.m */,
			);
			path = FriendsViewController;
			sourceTree = "<group>";
		};
		92BBFE9A1DA37BCE00E8C3A5 /* SubMenusViewController */ = {
			isa = PBXGroup;
			children = (
				92BBFE9B1DA37BEA00E8C3A5 /* SubMenusViewController.h */,
				92BBFE9C1DA37BEA00E8C3A5 /* SubMenusViewController.m */,
			);
			path = SubMenusViewController;
			sourceTree = "<group>";
		};
		92CE61F71D6FFC9A00E31C34 /* NewStoryViewController */ = {
			isa = PBXGroup;
			children = (
				92CE61F81D6FFCAC00E31C34 /* NewStoryViewController.h */,
				92CE61F91D6FFCAC00E31C34 /* NewStoryViewController.m */,
			);
			path = NewStoryViewController;
			sourceTree = "<group>";
		};
		92D30A431D9BC9920080831C /* MessageDetailViewController */ = {
			isa = PBXGroup;
			children = (
				92D30A441D9BC9AB0080831C /* MessageDetailViewController.h */,
				92D30A451D9BC9AB0080831C /* MessageDetailViewController.m */,
			);
			path = MessageDetailViewController;
			sourceTree = "<group>";
		};
		92D50D6B1D6540770022772A = {
			isa = PBXGroup;
			children = (
				92D50D761D6540770022772A /* ShareMe */,
				92D50D751D6540770022772A /* Products */,
				BB9E4F5B67AD624D9659C549 /* Pods */,
				F6537F0B8278D9C1599042F4 /* Frameworks */,
			);
			sourceTree = "<group>";
		};
		92D50D751D6540770022772A /* Products */ = {
			isa = PBXGroup;
			children = (
				92D50D741D6540770022772A /* ShareMe.app */,
			);
			name = Products;
			sourceTree = "<group>";
		};
		92D50D761D6540770022772A /* ShareMe */ = {
			isa = PBXGroup;
			children = (
				929139501D758D4500A0E972 /* CollectionViewCell */,
				928688731D702C6B0078A599 /* Utils */,
				920391161D6D3E7000BC5BE0 /* TableViewCell */,
				928EBBFF1D6C2C28001E7D3B /* XIBs */,
				92D50D7A1D6540770022772A /* AppDelegate.h */,
				92D50D7B1D6540770022772A /* AppDelegate.m */,
				92EB83631D6BEBF9004119FD /* Storyboards */,
				922DB3EC1D6B4CD100AF2268 /* ViewControllers */,
				92441AE31D66AD1600F5426A /* Constants */,
				92441AB31D66A7B100F5426A /* Controllers */,
				92441AB21D66A76300F5426A /* Models */,
				92441AAF1D66A2C800F5426A /* Extensions */,
				92441AAC1D66A28A00F5426A /* Protocols */,
				92D50D771D6540770022772A /* Supporting Files */,
			);
			path = ShareMe;
			sourceTree = "<group>";
		};
		92D50D771D6540770022772A /* Supporting Files */ = {
			isa = PBXGroup;
			children = (
				92D50D831D6540770022772A /* Assets.xcassets */,
				92D50D881D6540770022772A /* Info.plist */,
				92D50D781D6540770022772A /* main.m */,
			);
			name = "Supporting Files";
			sourceTree = "<group>";
		};
		92EB835D1D6BDB0A004119FD /* RegisterViewController */ = {
			isa = PBXGroup;
			children = (
				92EB835E1D6BDB9E004119FD /* RegisterViewController.h */,
				92EB835F1D6BDB9E004119FD /* RegisterViewController.m */,
			);
			path = RegisterViewController;
			sourceTree = "<group>";
		};
		92EB83631D6BEBF9004119FD /* Storyboards */ = {
			isa = PBXGroup;
			children = (
				92EB83641D6BEC1E004119FD /* Main.storyboard */,
			);
			path = Storyboards;
			sourceTree = "<group>";
		};
		92F3823F1D9BB86B0056A899 /* MessagesViewController */ = {
			isa = PBXGroup;
			children = (
				92F382401D9BB87B0056A899 /* MessagesViewController.h */,
				92F382411D9BB87B0056A899 /* MessagesViewController.m */,
			);
			path = MessagesViewController;
			sourceTree = "<group>";
		};
		92F8404D1D86A1E600D32163 /* CommentsViewController */ = {
			isa = PBXGroup;
			children = (
				92F8404E1D86A1FE00D32163 /* CommentsViewController.h */,
				92F8404F1D86A1FE00D32163 /* CommentsViewController.m */,
			);
			path = CommentsViewController;
			sourceTree = "<group>";
		};
		BB9E4F5B67AD624D9659C549 /* Pods */ = {
			isa = PBXGroup;
			children = (
				0EDEA1FB161204A0BD2CE6B5 /* Pods-ShareMe.debug.xcconfig */,
				7931857DC026561F20153570 /* Pods-ShareMe.release.xcconfig */,
			);
			name = Pods;
			sourceTree = "<group>";
		};
		F6537F0B8278D9C1599042F4 /* Frameworks */ = {
			isa = PBXGroup;
			children = (
				735C3B48E172C38BC4493FD5 /* Pods_ShareMe.framework */,
			);
			name = Frameworks;
			sourceTree = "<group>";
		};
/* End PBXGroup section */

/* Begin PBXNativeTarget section */
		92D50D731D6540770022772A /* ShareMe */ = {
			isa = PBXNativeTarget;
			buildConfigurationList = 92D50D8B1D6540770022772A /* Build configuration list for PBXNativeTarget "ShareMe" */;
			buildPhases = (
				71B8B359C934C738EBA28EC1 /* [CP] Check Pods Manifest.lock */,
				92D50D701D6540770022772A /* Sources */,
				92D50D711D6540770022772A /* Frameworks */,
				92D50D721D6540770022772A /* Resources */,
				A6BF2F53723BAF58F2628482 /* [CP] Embed Pods Frameworks */,
				C1120FA9356DC37D408FF769 /* [CP] Copy Pods Resources */,
			);
			buildRules = (
			);
			dependencies = (
			);
			name = ShareMe;
			productName = ShareMe;
			productReference = 92D50D741D6540770022772A /* ShareMe.app */;
			productType = "com.apple.product-type.application";
		};
/* End PBXNativeTarget section */

/* Begin PBXProject section */
		92D50D6C1D6540770022772A /* Project object */ = {
			isa = PBXProject;
			attributes = {
				LastUpgradeCheck = 0800;
				ORGANIZATIONNAME = Framgia;
				TargetAttributes = {
					92D50D731D6540770022772A = {
						CreatedOnToolsVersion = 7.3.1;
						DevelopmentTeam = VV528E4X2Y;
						ProvisioningStyle = Automatic;
					};
				};
			};
			buildConfigurationList = 92D50D6F1D6540770022772A /* Build configuration list for PBXProject "ShareMe" */;
			compatibilityVersion = "Xcode 3.2";
			developmentRegion = English;
			hasScannedForEncodings = 0;
			knownRegions = (
				en,
				Base,
			);
			mainGroup = 92D50D6B1D6540770022772A;
			productRefGroup = 92D50D751D6540770022772A /* Products */;
			projectDirPath = "";
			projectRoot = "";
			targets = (
				92D50D731D6540770022772A /* ShareMe */,
			);
		};
/* End PBXProject section */

/* Begin PBXResourcesBuildPhase section */
		92D50D721D6540770022772A /* Resources */ = {
			isa = PBXResourcesBuildPhase;
			buildActionMask = 2147483647;
			files = (
				928EBC0D1D6C371C001E7D3B /* RegisterView.xib in Resources */,
				92EB83651D6BEC1E004119FD /* Main.storyboard in Resources */,
				92D50D841D6540770022772A /* Assets.xcassets in Resources */,
				92B7CE9C1D7094900077240B /* ActivityIndicatorView.xib in Resources */,
				922945011D7D40C300913B0C /* NewsFeedImageView.xib in Resources */,
			);
			runOnlyForDeploymentPostprocessing = 0;
		};
/* End PBXResourcesBuildPhase section */

/* Begin PBXShellScriptBuildPhase section */
		71B8B359C934C738EBA28EC1 /* [CP] Check Pods Manifest.lock */ = {
			isa = PBXShellScriptBuildPhase;
			buildActionMask = 2147483647;
			files = (
			);
			inputPaths = (
			);
			name = "[CP] Check Pods Manifest.lock";
			outputPaths = (
			);
			runOnlyForDeploymentPostprocessing = 0;
			shellPath = /bin/sh;
			shellScript = "diff \"${PODS_ROOT}/../Podfile.lock\" \"${PODS_ROOT}/Manifest.lock\" > /dev/null\nif [[ $? != 0 ]] ; then\n    cat << EOM\nerror: The sandbox is not in sync with the Podfile.lock. Run 'pod install' or update your CocoaPods installation.\nEOM\n    exit 1\nfi\n";
			showEnvVarsInLog = 0;
		};
		A6BF2F53723BAF58F2628482 /* [CP] Embed Pods Frameworks */ = {
			isa = PBXShellScriptBuildPhase;
			buildActionMask = 2147483647;
			files = (
			);
			inputPaths = (
			);
			name = "[CP] Embed Pods Frameworks";
			outputPaths = (
			);
			runOnlyForDeploymentPostprocessing = 0;
			shellPath = /bin/sh;
			shellScript = "\"${SRCROOT}/Pods/Target Support Files/Pods-ShareMe/Pods-ShareMe-frameworks.sh\"\n";
			showEnvVarsInLog = 0;
		};
		C1120FA9356DC37D408FF769 /* [CP] Copy Pods Resources */ = {
			isa = PBXShellScriptBuildPhase;
			buildActionMask = 2147483647;
			files = (
			);
			inputPaths = (
			);
			name = "[CP] Copy Pods Resources";
			outputPaths = (
			);
			runOnlyForDeploymentPostprocessing = 0;
			shellPath = /bin/sh;
			shellScript = "\"${SRCROOT}/Pods/Target Support Files/Pods-ShareMe/Pods-ShareMe-resources.sh\"\n";
			showEnvVarsInLog = 0;
		};
/* End PBXShellScriptBuildPhase section */

/* Begin PBXSourcesBuildPhase section */
		92D50D701D6540770022772A /* Sources */ = {
			isa = PBXSourcesBuildPhase;
			buildActionMask = 2147483647;
			files = (
				92441ABB1D66A96500F5426A /* User.m in Sources */,
				928688761D702C9C0078A599 /* Utils.m in Sources */,
				92441ABA1D66A96100F5426A /* Story.m in Sources */,
				92F840531D86A3E600D32163 /* CommentTableViewCell.m in Sources */,
				92AF4F761D6ED72E00B92297 /* UIViewConstant.m in Sources */,
				92441AB91D66A95C00F5426A /* Message.m in Sources */,
				924C2BC71D9E6A930077B29B /* MenuItemsViewController.m in Sources */,
				92A77CBE1D6ED09500FD19A3 /* SearchFriendViewController.m in Sources */,
				92D30A461D9BC9AB0080831C /* MessageDetailViewController.m in Sources */,
				92441AB81D66A95700F5426A /* Comment.m in Sources */,
				924E10901D6D9AE1004DE853 /* ReceivedRequestTableViewCell.m in Sources */,
				9285C58B1DA0A5CD003011DF /* MenuItemTableViewCell.m in Sources */,
				92A610BD1D94C94600635510 /* TimelineViewController.m in Sources */,
				92A9206A1D90C89D00C6F007 /* FriendsViewController.m in Sources */,
				92CE61FA1D6FFCAC00E31C34 /* NewStoryViewController.m in Sources */,
				92D30A491D9BCB220080831C /* MessageDetailTableViewCell.m in Sources */,
				92BBFE9D1DA37BEA00E8C3A5 /* SubMenusViewController.m in Sources */,
				924E109C1D6DA73C004DE853 /* MainTabBarViewController.m in Sources */,
				929139531D758D5700A0E972 /* ThumbnailCollectionViewCell.m in Sources */,
				92A9206D1D90C9F600C6F007 /* FriendTableViewCell.m in Sources */,
				92441AB71D66A95300F5426A /* ClientSocketController.m in Sources */,
				9247D9F81D9E083F00CB2266 /* MessageTableViewCell.m in Sources */,
				924E109F1D6DBAE3004DE853 /* CALayer+UIColor.m in Sources */,
				92F382421D9BB87B0056A899 /* MessagesViewController.m in Sources */,
				92C869891D78267B0022F0D6 /* FDateFormatter.m in Sources */,
				92F840501D86A1FE00D32163 /* CommentsViewController.m in Sources */,
				924E108D1D6D99FE004DE853 /* RequestViewController.m in Sources */,
				92BBFEA01DA37C1D00E8C3A5 /* SubMenuTableViewCell.m in Sources */,
				92C869861D7807430022F0D6 /* NSDate+TimeDiff.m in Sources */,
				92EB83611D6BDB9E004119FD /* RegisterViewController.m in Sources */,
				92441AB61D66A94D00F5426A /* AppDelegate.m in Sources */,
				920391191D6D3EAB00BC5BE0 /* StoryTableViewCell.m in Sources */,
				929A87AD1D711FEF0027385D /* FViewController.m in Sources */,
				92441AE61D66AD3400F5426A /* ApplicationConstants.m in Sources */,
				92441AB51D66A94200F5426A /* main.m in Sources */,
				922DB3F11D6B4D4C00AF2268 /* LoginViewController.m in Sources */,
				924E10931D6D9C1B004DE853 /* SentRequestTableViewCell.m in Sources */,
				92AF4F731D6ED3E100B92297 /* SearchFriendTableViewCell.m in Sources */,
				920391151D6D343E00BC5BE0 /* NewsFeedViewController.m in Sources */,
				9203403D1D9287E500619B28 /* WhoLikeThisViewController.m in Sources */,
			);
			runOnlyForDeploymentPostprocessing = 0;
		};
/* End PBXSourcesBuildPhase section */

/* Begin XCBuildConfiguration section */
		92D50D891D6540770022772A /* Debug */ = {
			isa = XCBuildConfiguration;
			buildSettings = {
				ALWAYS_SEARCH_USER_PATHS = NO;
				CLANG_ANALYZER_NONNULL = YES;
				CLANG_CXX_LANGUAGE_STANDARD = "gnu++0x";
				CLANG_CXX_LIBRARY = "libc++";
				CLANG_ENABLE_MODULES = YES;
				CLANG_ENABLE_OBJC_ARC = YES;
				CLANG_WARN_BOOL_CONVERSION = YES;
				CLANG_WARN_CONSTANT_CONVERSION = YES;
				CLANG_WARN_DIRECT_OBJC_ISA_USAGE = YES_ERROR;
				CLANG_WARN_EMPTY_BODY = YES;
				CLANG_WARN_ENUM_CONVERSION = YES;
				CLANG_WARN_INFINITE_RECURSION = YES;
				CLANG_WARN_INT_CONVERSION = YES;
				CLANG_WARN_OBJC_ROOT_CLASS = YES_ERROR;
				CLANG_WARN_SUSPICIOUS_MOVE = YES;
				CLANG_WARN_UNREACHABLE_CODE = YES;
				CLANG_WARN__DUPLICATE_METHOD_MATCH = YES;
				"CODE_SIGN_IDENTITY[sdk=iphoneos*]" = "iPhone Developer";
				COPY_PHASE_STRIP = NO;
				DEBUG_INFORMATION_FORMAT = dwarf;
				ENABLE_STRICT_OBJC_MSGSEND = YES;
				ENABLE_TESTABILITY = YES;
				GCC_C_LANGUAGE_STANDARD = gnu99;
				GCC_DYNAMIC_NO_PIC = NO;
				GCC_NO_COMMON_BLOCKS = YES;
				GCC_OPTIMIZATION_LEVEL = 0;
				GCC_PREPROCESSOR_DEFINITIONS = (
					"DEBUG=1",
					"$(inherited)",
				);
				GCC_WARN_64_TO_32_BIT_CONVERSION = YES;
				GCC_WARN_ABOUT_RETURN_TYPE = YES_ERROR;
				GCC_WARN_UNDECLARED_SELECTOR = YES;
				GCC_WARN_UNINITIALIZED_AUTOS = YES_AGGRESSIVE;
				GCC_WARN_UNUSED_FUNCTION = YES;
				GCC_WARN_UNUSED_VARIABLE = YES;
				IPHONEOS_DEPLOYMENT_TARGET = 9.3;
				MTL_ENABLE_DEBUG_INFO = YES;
				ONLY_ACTIVE_ARCH = YES;
				SDKROOT = iphoneos;
			};
			name = Debug;
		};
		92D50D8A1D6540770022772A /* Release */ = {
			isa = XCBuildConfiguration;
			buildSettings = {
				ALWAYS_SEARCH_USER_PATHS = NO;
				CLANG_ANALYZER_NONNULL = YES;
				CLANG_CXX_LANGUAGE_STANDARD = "gnu++0x";
				CLANG_CXX_LIBRARY = "libc++";
				CLANG_ENABLE_MODULES = YES;
				CLANG_ENABLE_OBJC_ARC = YES;
				CLANG_WARN_BOOL_CONVERSION = YES;
				CLANG_WARN_CONSTANT_CONVERSION = YES;
				CLANG_WARN_DIRECT_OBJC_ISA_USAGE = YES_ERROR;
				CLANG_WARN_EMPTY_BODY = YES;
				CLANG_WARN_ENUM_CONVERSION = YES;
				CLANG_WARN_INFINITE_RECURSION = YES;
				CLANG_WARN_INT_CONVERSION = YES;
				CLANG_WARN_OBJC_ROOT_CLASS = YES_ERROR;
				CLANG_WARN_SUSPICIOUS_MOVE = YES;
				CLANG_WARN_UNREACHABLE_CODE = YES;
				CLANG_WARN__DUPLICATE_METHOD_MATCH = YES;
				"CODE_SIGN_IDENTITY[sdk=iphoneos*]" = "iPhone Developer";
				COPY_PHASE_STRIP = NO;
				DEBUG_INFORMATION_FORMAT = "dwarf-with-dsym";
				ENABLE_NS_ASSERTIONS = NO;
				ENABLE_STRICT_OBJC_MSGSEND = YES;
				GCC_C_LANGUAGE_STANDARD = gnu99;
				GCC_NO_COMMON_BLOCKS = YES;
				GCC_WARN_64_TO_32_BIT_CONVERSION = YES;
				GCC_WARN_ABOUT_RETURN_TYPE = YES_ERROR;
				GCC_WARN_UNDECLARED_SELECTOR = YES;
				GCC_WARN_UNINITIALIZED_AUTOS = YES_AGGRESSIVE;
				GCC_WARN_UNUSED_FUNCTION = YES;
				GCC_WARN_UNUSED_VARIABLE = YES;
				IPHONEOS_DEPLOYMENT_TARGET = 9.3;
				MTL_ENABLE_DEBUG_INFO = NO;
				SDKROOT = iphoneos;
				VALIDATE_PRODUCT = YES;
			};
			name = Release;
		};
		92D50D8C1D6540770022772A /* Debug */ = {
			isa = XCBuildConfiguration;
			baseConfigurationReference = 0EDEA1FB161204A0BD2CE6B5 /* Pods-ShareMe.debug.xcconfig */;
			buildSettings = {
				ASSETCATALOG_COMPILER_APPICON_NAME = AppIcon;
				"CODE_SIGN_IDENTITY[sdk=iphoneos*]" = "iPhone Developer";
				DEVELOPMENT_TEAM = VV528E4X2Y;
				INFOPLIST_FILE = ShareMe/Info.plist;
				LD_RUNPATH_SEARCH_PATHS = "$(inherited) @executable_path/Frameworks";
				PRODUCT_BUNDLE_IDENTIFIER = com.framgia.ShareMe;
				PRODUCT_NAME = "$(TARGET_NAME)";
			};
			name = Debug;
		};
		92D50D8D1D6540770022772A /* Release */ = {
			isa = XCBuildConfiguration;
			baseConfigurationReference = 7931857DC026561F20153570 /* Pods-ShareMe.release.xcconfig */;
			buildSettings = {
				ASSETCATALOG_COMPILER_APPICON_NAME = AppIcon;
				"CODE_SIGN_IDENTITY[sdk=iphoneos*]" = "iPhone Developer";
				DEVELOPMENT_TEAM = VV528E4X2Y;
				INFOPLIST_FILE = ShareMe/Info.plist;
				LD_RUNPATH_SEARCH_PATHS = "$(inherited) @executable_path/Frameworks";
				PRODUCT_BUNDLE_IDENTIFIER = com.framgia.ShareMe;
				PRODUCT_NAME = "$(TARGET_NAME)";
			};
			name = Release;
		};
/* End XCBuildConfiguration section */

/* Begin XCConfigurationList section */
		92D50D6F1D6540770022772A /* Build configuration list for PBXProject "ShareMe" */ = {
			isa = XCConfigurationList;
			buildConfigurations = (
				92D50D891D6540770022772A /* Debug */,
				92D50D8A1D6540770022772A /* Release */,
			);
			defaultConfigurationIsVisible = 0;
			defaultConfigurationName = Release;
		};
		92D50D8B1D6540770022772A /* Build configuration list for PBXNativeTarget "ShareMe" */ = {
			isa = XCConfigurationList;
			buildConfigurations = (
				92D50D8C1D6540770022772A /* Debug */,
				92D50D8D1D6540770022772A /* Release */,
			);
			defaultConfigurationIsVisible = 0;
			defaultConfigurationName = Release;
		};
/* End XCConfigurationList section */
	};
	rootObject = 92D50D6C1D6540770022772A /* Project object */;
}
