// !$*UTF8*$!
{
	archiveVersion = 1;
	classes = {
	};
	objectVersion = 46;
	objects = {

/* Begin PBXBuildFile section */
		920391151D6D343E00BC5BE0 /* NewsFeedTableViewController.m in Sources */ = {isa = PBXBuildFile; fileRef = 920391141D6D343E00BC5BE0 /* NewsFeedTableViewController.m */; };
		920391191D6D3EAB00BC5BE0 /* StoryTableViewCell.m in Sources */ = {isa = PBXBuildFile; fileRef = 920391181D6D3EAB00BC5BE0 /* StoryTableViewCell.m */; };
		922DB3F11D6B4D4C00AF2268 /* LoginViewController.m in Sources */ = {isa = PBXBuildFile; fileRef = 922DB3EF1D6B4D4C00AF2268 /* LoginViewController.m */; };
		92441AB51D66A94200F5426A /* main.m in Sources */ = {isa = PBXBuildFile; fileRef = 92D50D781D6540770022772A /* main.m */; };
		92441AB61D66A94D00F5426A /* AppDelegate.m in Sources */ = {isa = PBXBuildFile; fileRef = 92D50D7B1D6540770022772A /* AppDelegate.m */; };
		92441AB71D66A95300F5426A /* ClientSocketController.m in Sources */ = {isa = PBXBuildFile; fileRef = 92441AAA1D66A1A200F5426A /* ClientSocketController.m */; };
		92441AB81D66A95700F5426A /* Comment.m in Sources */ = {isa = PBXBuildFile; fileRef = 92441A9B1D669F0E00F5426A /* Comment.m */; };
		92441AB91D66A95C00F5426A /* Message.m in Sources */ = {isa = PBXBuildFile; fileRef = 92441A9D1D669F0E00F5426A /* Message.m */; };
		92441ABA1D66A96100F5426A /* Story.m in Sources */ = {isa = PBXBuildFile; fileRef = 92441A9F1D669F0E00F5426A /* Story.m */; };
		92441ABB1D66A96500F5426A /* User.m in Sources */ = {isa = PBXBuildFile; fileRef = 92441AA11D669F0E00F5426A /* User.m */; };
		92441AE61D66AD3400F5426A /* SocketConstant.m in Sources */ = {isa = PBXBuildFile; fileRef = 92441AE51D66AD3400F5426A /* SocketConstant.m */; };
		924E108D1D6D99FE004DE853 /* RequestsTableViewController.m in Sources */ = {isa = PBXBuildFile; fileRef = 924E108C1D6D99FE004DE853 /* RequestsTableViewController.m */; };
		924E10901D6D9AE1004DE853 /* ReceivedRequestTableViewCell.m in Sources */ = {isa = PBXBuildFile; fileRef = 924E108F1D6D9AE1004DE853 /* ReceivedRequestTableViewCell.m */; };
		924E10931D6D9C1B004DE853 /* SentRequestTableViewCell.m in Sources */ = {isa = PBXBuildFile; fileRef = 924E10921D6D9C1B004DE853 /* SentRequestTableViewCell.m */; };
		924E109C1D6DA73C004DE853 /* MainTabBarViewController.m in Sources */ = {isa = PBXBuildFile; fileRef = 924E109B1D6DA73C004DE853 /* MainTabBarViewController.m */; };
		924E109F1D6DBAE3004DE853 /* CALayer+UIColor.m in Sources */ = {isa = PBXBuildFile; fileRef = 924E109E1D6DBAE3004DE853 /* CALayer+UIColor.m */; };
		928EBC0D1D6C371C001E7D3B /* RegisterView.xib in Resources */ = {isa = PBXBuildFile; fileRef = 928EBC0C1D6C371C001E7D3B /* RegisterView.xib */; };
		92A77CBE1D6ED09500FD19A3 /* SearchFriendTableViewController.m in Sources */ = {isa = PBXBuildFile; fileRef = 92A77CBD1D6ED09500FD19A3 /* SearchFriendTableViewController.m */; };
		92AF4F731D6ED3E100B92297 /* SearchFriendTableViewCell.m in Sources */ = {isa = PBXBuildFile; fileRef = 92AF4F721D6ED3E100B92297 /* SearchFriendTableViewCell.m */; };
		92AF4F761D6ED72E00B92297 /* UIViewConstant.m in Sources */ = {isa = PBXBuildFile; fileRef = 92AF4F751D6ED72E00B92297 /* UIViewConstant.m */; };
		92D50D841D6540770022772A /* Assets.xcassets in Resources */ = {isa = PBXBuildFile; fileRef = 92D50D831D6540770022772A /* Assets.xcassets */; };
		92EB83611D6BDB9E004119FD /* RegisterViewController.m in Sources */ = {isa = PBXBuildFile; fileRef = 92EB835F1D6BDB9E004119FD /* RegisterViewController.m */; };
		92EB83651D6BEC1E004119FD /* Main.storyboard in Resources */ = {isa = PBXBuildFile; fileRef = 92EB83641D6BEC1E004119FD /* Main.storyboard */; };
		A0A54C367DD48DE731058ED9 /* Pods_ShareMe.framework in Frameworks */ = {isa = PBXBuildFile; fileRef = 735C3B48E172C38BC4493FD5 /* Pods_ShareMe.framework */; };
/* End PBXBuildFile section */

/* Begin PBXFileReference section */
		0EDEA1FB161204A0BD2CE6B5 /* Pods-ShareMe.debug.xcconfig */ = {isa = PBXFileReference; includeInIndex = 1; lastKnownFileType = text.xcconfig; name = "Pods-ShareMe.debug.xcconfig"; path = "Pods/Target Support Files/Pods-ShareMe/Pods-ShareMe.debug.xcconfig"; sourceTree = "<group>"; };
		735C3B48E172C38BC4493FD5 /* Pods_ShareMe.framework */ = {isa = PBXFileReference; explicitFileType = wrapper.framework; includeInIndex = 0; path = Pods_ShareMe.framework; sourceTree = BUILT_PRODUCTS_DIR; };
		7931857DC026561F20153570 /* Pods-ShareMe.release.xcconfig */ = {isa = PBXFileReference; includeInIndex = 1; lastKnownFileType = text.xcconfig; name = "Pods-ShareMe.release.xcconfig"; path = "Pods/Target Support Files/Pods-ShareMe/Pods-ShareMe.release.xcconfig"; sourceTree = "<group>"; };
		920391131D6D343E00BC5BE0 /* NewsFeedTableViewController.h */ = {isa = PBXFileReference; fileEncoding = 4; lastKnownFileType = sourcecode.c.h; path = NewsFeedTableViewController.h; sourceTree = "<group>"; };
		920391141D6D343E00BC5BE0 /* NewsFeedTableViewController.m */ = {isa = PBXFileReference; fileEncoding = 4; lastKnownFileType = sourcecode.c.objc; path = NewsFeedTableViewController.m; sourceTree = "<group>"; };
		920391171D6D3EAB00BC5BE0 /* StoryTableViewCell.h */ = {isa = PBXFileReference; fileEncoding = 4; lastKnownFileType = sourcecode.c.h; path = StoryTableViewCell.h; sourceTree = "<group>"; };
		920391181D6D3EAB00BC5BE0 /* StoryTableViewCell.m */ = {isa = PBXFileReference; fileEncoding = 4; lastKnownFileType = sourcecode.c.objc; path = StoryTableViewCell.m; sourceTree = "<group>"; };
		922DB3EE1D6B4D4C00AF2268 /* LoginViewController.h */ = {isa = PBXFileReference; fileEncoding = 4; lastKnownFileType = sourcecode.c.h; path = LoginViewController.h; sourceTree = "<group>"; };
		922DB3EF1D6B4D4C00AF2268 /* LoginViewController.m */ = {isa = PBXFileReference; fileEncoding = 4; lastKnownFileType = sourcecode.c.objc; path = LoginViewController.m; sourceTree = "<group>"; };
		92441A9A1D669F0E00F5426A /* Comment.h */ = {isa = PBXFileReference; fileEncoding = 4; lastKnownFileType = sourcecode.c.h; name = Comment.h; path = ../Models/Comment.h; sourceTree = "<group>"; };
		92441A9B1D669F0E00F5426A /* Comment.m */ = {isa = PBXFileReference; fileEncoding = 4; lastKnownFileType = sourcecode.c.objc; name = Comment.m; path = ../Models/Comment.m; sourceTree = "<group>"; };
		92441A9C1D669F0E00F5426A /* Message.h */ = {isa = PBXFileReference; fileEncoding = 4; lastKnownFileType = sourcecode.c.h; name = Message.h; path = ../Models/Message.h; sourceTree = "<group>"; };
		92441A9D1D669F0E00F5426A /* Message.m */ = {isa = PBXFileReference; fileEncoding = 4; lastKnownFileType = sourcecode.c.objc; name = Message.m; path = ../Models/Message.m; sourceTree = "<group>"; };
		92441A9E1D669F0E00F5426A /* Story.h */ = {isa = PBXFileReference; fileEncoding = 4; lastKnownFileType = sourcecode.c.h; name = Story.h; path = ../Models/Story.h; sourceTree = "<group>"; };
		92441A9F1D669F0E00F5426A /* Story.m */ = {isa = PBXFileReference; fileEncoding = 4; lastKnownFileType = sourcecode.c.objc; name = Story.m; path = ../Models/Story.m; sourceTree = "<group>"; };
		92441AA01D669F0E00F5426A /* User.h */ = {isa = PBXFileReference; fileEncoding = 4; lastKnownFileType = sourcecode.c.h; name = User.h; path = ../Models/User.h; sourceTree = "<group>"; };
		92441AA11D669F0E00F5426A /* User.m */ = {isa = PBXFileReference; fileEncoding = 4; lastKnownFileType = sourcecode.c.objc; name = User.m; path = ../Models/User.m; sourceTree = "<group>"; };
		92441AA91D66A1A200F5426A /* ClientSocketController.h */ = {isa = PBXFileReference; fileEncoding = 4; lastKnownFileType = sourcecode.c.h; path = ClientSocketController.h; sourceTree = "<group>"; };
		92441AAA1D66A1A200F5426A /* ClientSocketController.m */ = {isa = PBXFileReference; fileEncoding = 4; lastKnownFileType = sourcecode.c.objc; path = ClientSocketController.m; sourceTree = "<group>"; };
		92441AAD1D66A2A500F5426A /* ResponseHandler.h */ = {isa = PBXFileReference; lastKnownFileType = sourcecode.c.h; path = ResponseHandler.h; sourceTree = "<group>"; };
		92441AAE1D66A2A500F5426A /* RequestHandler.h */ = {isa = PBXFileReference; lastKnownFileType = sourcecode.c.h; path = RequestHandler.h; sourceTree = "<group>"; };
		92441AB01D66A2E100F5426A /* UIViewController+ResponseHandler.h */ = {isa = PBXFileReference; fileEncoding = 4; lastKnownFileType = sourcecode.c.h; path = "UIViewController+ResponseHandler.h"; sourceTree = "<group>"; };
		92441AB11D66A2E100F5426A /* UIViewController+RequestHandler.h */ = {isa = PBXFileReference; fileEncoding = 4; lastKnownFileType = sourcecode.c.h; path = "UIViewController+RequestHandler.h"; sourceTree = "<group>"; };
		92441AE41D66AD3400F5426A /* SocketConstant.h */ = {isa = PBXFileReference; fileEncoding = 4; lastKnownFileType = sourcecode.c.h; path = SocketConstant.h; sourceTree = "<group>"; };
		92441AE51D66AD3400F5426A /* SocketConstant.m */ = {isa = PBXFileReference; fileEncoding = 4; lastKnownFileType = sourcecode.c.objc; path = SocketConstant.m; sourceTree = "<group>"; };
		924E108B1D6D99FE004DE853 /* RequestsTableViewController.h */ = {isa = PBXFileReference; fileEncoding = 4; lastKnownFileType = sourcecode.c.h; path = RequestsTableViewController.h; sourceTree = "<group>"; };
		924E108C1D6D99FE004DE853 /* RequestsTableViewController.m */ = {isa = PBXFileReference; fileEncoding = 4; lastKnownFileType = sourcecode.c.objc; path = RequestsTableViewController.m; sourceTree = "<group>"; };
		924E108E1D6D9AE1004DE853 /* ReceivedRequestTableViewCell.h */ = {isa = PBXFileReference; fileEncoding = 4; lastKnownFileType = sourcecode.c.h; path = ReceivedRequestTableViewCell.h; sourceTree = "<group>"; };
		924E108F1D6D9AE1004DE853 /* ReceivedRequestTableViewCell.m */ = {isa = PBXFileReference; fileEncoding = 4; lastKnownFileType = sourcecode.c.objc; path = ReceivedRequestTableViewCell.m; sourceTree = "<group>"; };
		924E10911D6D9C1B004DE853 /* SentRequestTableViewCell.h */ = {isa = PBXFileReference; fileEncoding = 4; lastKnownFileType = sourcecode.c.h; path = SentRequestTableViewCell.h; sourceTree = "<group>"; };
		924E10921D6D9C1B004DE853 /* SentRequestTableViewCell.m */ = {isa = PBXFileReference; fileEncoding = 4; lastKnownFileType = sourcecode.c.objc; path = SentRequestTableViewCell.m; sourceTree = "<group>"; };
		924E109A1D6DA73C004DE853 /* MainTabBarViewController.h */ = {isa = PBXFileReference; fileEncoding = 4; lastKnownFileType = sourcecode.c.h; path = MainTabBarViewController.h; sourceTree = "<group>"; };
		924E109B1D6DA73C004DE853 /* MainTabBarViewController.m */ = {isa = PBXFileReference; fileEncoding = 4; lastKnownFileType = sourcecode.c.objc; path = MainTabBarViewController.m; sourceTree = "<group>"; };
		924E109D1D6DBAE3004DE853 /* CALayer+UIColor.h */ = {isa = PBXFileReference; fileEncoding = 4; lastKnownFileType = sourcecode.c.h; path = "CALayer+UIColor.h"; sourceTree = "<group>"; };
		924E109E1D6DBAE3004DE853 /* CALayer+UIColor.m */ = {isa = PBXFileReference; fileEncoding = 4; lastKnownFileType = sourcecode.c.objc; path = "CALayer+UIColor.m"; sourceTree = "<group>"; };
		928EBC0C1D6C371C001E7D3B /* RegisterView.xib */ = {isa = PBXFileReference; fileEncoding = 4; lastKnownFileType = file.xib; path = RegisterView.xib; sourceTree = "<group>"; };
		92A77CBC1D6ED09500FD19A3 /* SearchFriendTableViewController.h */ = {isa = PBXFileReference; fileEncoding = 4; lastKnownFileType = sourcecode.c.h; path = SearchFriendTableViewController.h; sourceTree = "<group>"; };
		92A77CBD1D6ED09500FD19A3 /* SearchFriendTableViewController.m */ = {isa = PBXFileReference; fileEncoding = 4; lastKnownFileType = sourcecode.c.objc; path = SearchFriendTableViewController.m; sourceTree = "<group>"; };
		92AF4F711D6ED3E100B92297 /* SearchFriendTableViewCell.h */ = {isa = PBXFileReference; fileEncoding = 4; lastKnownFileType = sourcecode.c.h; path = SearchFriendTableViewCell.h; sourceTree = "<group>"; };
		92AF4F721D6ED3E100B92297 /* SearchFriendTableViewCell.m */ = {isa = PBXFileReference; fileEncoding = 4; lastKnownFileType = sourcecode.c.objc; path = SearchFriendTableViewCell.m; sourceTree = "<group>"; };
		92AF4F741D6ED72E00B92297 /* UIViewConstant.h */ = {isa = PBXFileReference; fileEncoding = 4; lastKnownFileType = sourcecode.c.h; path = UIViewConstant.h; sourceTree = "<group>"; };
		92AF4F751D6ED72E00B92297 /* UIViewConstant.m */ = {isa = PBXFileReference; fileEncoding = 4; lastKnownFileType = sourcecode.c.objc; path = UIViewConstant.m; sourceTree = "<group>"; };
		92D50D741D6540770022772A /* ShareMe.app */ = {isa = PBXFileReference; explicitFileType = wrapper.application; includeInIndex = 0; path = ShareMe.app; sourceTree = BUILT_PRODUCTS_DIR; };
		92D50D781D6540770022772A /* main.m */ = {isa = PBXFileReference; lastKnownFileType = sourcecode.c.objc; path = main.m; sourceTree = "<group>"; };
		92D50D7A1D6540770022772A /* AppDelegate.h */ = {isa = PBXFileReference; lastKnownFileType = sourcecode.c.h; path = AppDelegate.h; sourceTree = "<group>"; };
		92D50D7B1D6540770022772A /* AppDelegate.m */ = {isa = PBXFileReference; lastKnownFileType = sourcecode.c.objc; path = AppDelegate.m; sourceTree = "<group>"; };
		92D50D831D6540770022772A /* Assets.xcassets */ = {isa = PBXFileReference; lastKnownFileType = folder.assetcatalog; path = Assets.xcassets; sourceTree = "<group>"; };
		92D50D881D6540770022772A /* Info.plist */ = {isa = PBXFileReference; lastKnownFileType = text.plist.xml; path = Info.plist; sourceTree = "<group>"; };
		92EB835E1D6BDB9E004119FD /* RegisterViewController.h */ = {isa = PBXFileReference; fileEncoding = 4; lastKnownFileType = sourcecode.c.h; path = RegisterViewController.h; sourceTree = "<group>"; };
		92EB835F1D6BDB9E004119FD /* RegisterViewController.m */ = {isa = PBXFileReference; fileEncoding = 4; lastKnownFileType = sourcecode.c.objc; path = RegisterViewController.m; sourceTree = "<group>"; };
		92EB83641D6BEC1E004119FD /* Main.storyboard */ = {isa = PBXFileReference; fileEncoding = 4; lastKnownFileType = file.storyboard; path = Main.storyboard; sourceTree = "<group>"; };
/* End PBXFileReference section */

/* Begin PBXFrameworksBuildPhase section */
		92D50D711D6540770022772A /* Frameworks */ = {
			isa = PBXFrameworksBuildPhase;
			buildActionMask = 2147483647;
			files = (
				A0A54C367DD48DE731058ED9 /* Pods_ShareMe.framework in Frameworks */,
			);
			runOnlyForDeploymentPostprocessing = 0;
		};
/* End PBXFrameworksBuildPhase section */

/* Begin PBXGroup section */
		9203910F1D6D33F600BC5BE0 /* NewsFeedViewController */ = {
			isa = PBXGroup;
			children = (
				920391131D6D343E00BC5BE0 /* NewsFeedTableViewController.h */,
				920391141D6D343E00BC5BE0 /* NewsFeedTableViewController.m */,
			);
			path = NewsFeedViewController;
			sourceTree = "<group>";
		};
		920391161D6D3E7000BC5BE0 /* TableViewCell */ = {
			isa = PBXGroup;
			children = (
				920391171D6D3EAB00BC5BE0 /* StoryTableViewCell.h */,
				920391181D6D3EAB00BC5BE0 /* StoryTableViewCell.m */,
				924E108E1D6D9AE1004DE853 /* ReceivedRequestTableViewCell.h */,
				924E108F1D6D9AE1004DE853 /* ReceivedRequestTableViewCell.m */,
				924E10911D6D9C1B004DE853 /* SentRequestTableViewCell.h */,
				924E10921D6D9C1B004DE853 /* SentRequestTableViewCell.m */,
				92AF4F711D6ED3E100B92297 /* SearchFriendTableViewCell.h */,
				92AF4F721D6ED3E100B92297 /* SearchFriendTableViewCell.m */,
			);
			path = TableViewCell;
			sourceTree = "<group>";
		};
		922DB3EC1D6B4CD100AF2268 /* ViewControllers */ = {
			isa = PBXGroup;
			children = (
				92A77CBB1D6ED07E00FD19A3 /* SearchFriendViewController */,
				924E109A1D6DA73C004DE853 /* MainTabBarViewController.h */,
				924E109B1D6DA73C004DE853 /* MainTabBarViewController.m */,
				924E108A1D6D99E7004DE853 /* RequestsViewController */,
				9203910F1D6D33F600BC5BE0 /* NewsFeedViewController */,
				92EB835D1D6BDB0A004119FD /* RegisterViewController */,
				922DB3ED1D6B4D0400AF2268 /* LoginViewController */,
			);
			path = ViewControllers;
			sourceTree = "<group>";
		};
		922DB3ED1D6B4D0400AF2268 /* LoginViewController */ = {
			isa = PBXGroup;
			children = (
				922DB3EE1D6B4D4C00AF2268 /* LoginViewController.h */,
				922DB3EF1D6B4D4C00AF2268 /* LoginViewController.m */,
			);
			path = LoginViewController;
			sourceTree = "<group>";
		};
		92441AA81D669FE000F5426A /* ClientSocketController */ = {
			isa = PBXGroup;
			children = (
				92441AA91D66A1A200F5426A /* ClientSocketController.h */,
				92441AAA1D66A1A200F5426A /* ClientSocketController.m */,
			);
			name = ClientSocketController;
			path = ../Controllers/ClientSocketController;
			sourceTree = "<group>";
		};
		92441AAC1D66A28A00F5426A /* Protocols */ = {
			isa = PBXGroup;
			children = (
				92441AAD1D66A2A500F5426A /* ResponseHandler.h */,
				92441AAE1D66A2A500F5426A /* RequestHandler.h */,
			);
			path = Protocols;
			sourceTree = "<group>";
		};
		92441AAF1D66A2C800F5426A /* Extensions */ = {
			isa = PBXGroup;
			children = (
				92441AB01D66A2E100F5426A /* UIViewController+ResponseHandler.h */,
				92441AB11D66A2E100F5426A /* UIViewController+RequestHandler.h */,
				924E109D1D6DBAE3004DE853 /* CALayer+UIColor.h */,
				924E109E1D6DBAE3004DE853 /* CALayer+UIColor.m */,
			);
			path = Extensions;
			sourceTree = "<group>";
		};
		92441AB21D66A76300F5426A /* Models */ = {
			isa = PBXGroup;
			children = (
				92441A9A1D669F0E00F5426A /* Comment.h */,
				92441A9B1D669F0E00F5426A /* Comment.m */,
				92441A9C1D669F0E00F5426A /* Message.h */,
				92441A9D1D669F0E00F5426A /* Message.m */,
				92441A9E1D669F0E00F5426A /* Story.h */,
				92441A9F1D669F0E00F5426A /* Story.m */,
				92441AA01D669F0E00F5426A /* User.h */,
				92441AA11D669F0E00F5426A /* User.m */,
			);
			path = Models;
			sourceTree = "<group>";
		};
		92441AB31D66A7B100F5426A /* Controllers */ = {
			isa = PBXGroup;
			children = (
				92441AA81D669FE000F5426A /* ClientSocketController */,
			);
			path = Controllers;
			sourceTree = "<group>";
		};
		92441AE31D66AD1600F5426A /* Constants */ = {
			isa = PBXGroup;
			children = (
				92441AE41D66AD3400F5426A /* SocketConstant.h */,
				92441AE51D66AD3400F5426A /* SocketConstant.m */,
				92AF4F741D6ED72E00B92297 /* UIViewConstant.h */,
				92AF4F751D6ED72E00B92297 /* UIViewConstant.m */,
			);
			path = Constants;
			sourceTree = "<group>";
		};
		924E108A1D6D99E7004DE853 /* RequestsViewController */ = {
			isa = PBXGroup;
			children = (
				924E108B1D6D99FE004DE853 /* RequestsTableViewController.h */,
				924E108C1D6D99FE004DE853 /* RequestsTableViewController.m */,
			);
			path = RequestsViewController;
			sourceTree = "<group>";
		};
		928EBBFF1D6C2C28001E7D3B /* XIBs */ = {
			isa = PBXGroup;
			children = (
				928EBC0C1D6C371C001E7D3B /* RegisterView.xib */,
			);
			path = XIBs;
			sourceTree = "<group>";
		};
		92A77CBB1D6ED07E00FD19A3 /* SearchFriendViewController */ = {
			isa = PBXGroup;
			children = (
				92A77CBC1D6ED09500FD19A3 /* SearchFriendTableViewController.h */,
				92A77CBD1D6ED09500FD19A3 /* SearchFriendTableViewController.m */,
			);
			path = SearchFriendViewController;
			sourceTree = "<group>";
		};
		92D50D6B1D6540770022772A = {
			isa = PBXGroup;
			children = (
				92D50D761D6540770022772A /* ShareMe */,
				92D50D751D6540770022772A /* Products */,
				BB9E4F5B67AD624D9659C549 /* Pods */,
				F6537F0B8278D9C1599042F4 /* Frameworks */,
			);
			sourceTree = "<group>";
		};
		92D50D751D6540770022772A /* Products */ = {
			isa = PBXGroup;
			children = (
				92D50D741D6540770022772A /* ShareMe.app */,
			);
			name = Products;
			sourceTree = "<group>";
		};
		92D50D761D6540770022772A /* ShareMe */ = {
			isa = PBXGroup;
			children = (
				920391161D6D3E7000BC5BE0 /* TableViewCell */,
				928EBBFF1D6C2C28001E7D3B /* XIBs */,
				92D50D7A1D6540770022772A /* AppDelegate.h */,
				92D50D7B1D6540770022772A /* AppDelegate.m */,
				92EB83631D6BEBF9004119FD /* Storyboards */,
				922DB3EC1D6B4CD100AF2268 /* ViewControllers */,
				92441AE31D66AD1600F5426A /* Constants */,
				92441AB31D66A7B100F5426A /* Controllers */,
				92441AB21D66A76300F5426A /* Models */,
				92441AAF1D66A2C800F5426A /* Extensions */,
				92441AAC1D66A28A00F5426A /* Protocols */,
				92D50D771D6540770022772A /* Supporting Files */,
			);
			path = ShareMe;
			sourceTree = "<group>";
		};
		92D50D771D6540770022772A /* Supporting Files */ = {
			isa = PBXGroup;
			children = (
				92D50D831D6540770022772A /* Assets.xcassets */,
				92D50D881D6540770022772A /* Info.plist */,
				92D50D781D6540770022772A /* main.m */,
			);
			name = "Supporting Files";
			sourceTree = "<group>";
		};
		92EB835D1D6BDB0A004119FD /* RegisterViewController */ = {
			isa = PBXGroup;
			children = (
				92EB835E1D6BDB9E004119FD /* RegisterViewController.h */,
				92EB835F1D6BDB9E004119FD /* RegisterViewController.m */,
			);
			path = RegisterViewController;
			sourceTree = "<group>";
		};
		92EB83631D6BEBF9004119FD /* Storyboards */ = {
			isa = PBXGroup;
			children = (
				92EB83641D6BEC1E004119FD /* Main.storyboard */,
			);
			path = Storyboards;
			sourceTree = "<group>";
		};
		BB9E4F5B67AD624D9659C549 /* Pods */ = {
			isa = PBXGroup;
			children = (
				0EDEA1FB161204A0BD2CE6B5 /* Pods-ShareMe.debug.xcconfig */,
				7931857DC026561F20153570 /* Pods-ShareMe.release.xcconfig */,
			);
			name = Pods;
			sourceTree = "<group>";
		};
		F6537F0B8278D9C1599042F4 /* Frameworks */ = {
			isa = PBXGroup;
			children = (
				735C3B48E172C38BC4493FD5 /* Pods_ShareMe.framework */,
			);
			name = Frameworks;
			sourceTree = "<group>";
		};
/* End PBXGroup section */

/* Begin PBXNativeTarget section */
		92D50D731D6540770022772A /* ShareMe */ = {
			isa = PBXNativeTarget;
			buildConfigurationList = 92D50D8B1D6540770022772A /* Build configuration list for PBXNativeTarget "ShareMe" */;
			buildPhases = (
				71B8B359C934C738EBA28EC1 /* [CP] Check Pods Manifest.lock */,
				92D50D701D6540770022772A /* Sources */,
				92D50D711D6540770022772A /* Frameworks */,
				92D50D721D6540770022772A /* Resources */,
				A6BF2F53723BAF58F2628482 /* [CP] Embed Pods Frameworks */,
				C1120FA9356DC37D408FF769 /* [CP] Copy Pods Resources */,
			);
			buildRules = (
			);
			dependencies = (
			);
			name = ShareMe;
			productName = ShareMe;
			productReference = 92D50D741D6540770022772A /* ShareMe.app */;
			productType = "com.apple.product-type.application";
		};
/* End PBXNativeTarget section */

/* Begin PBXProject section */
		92D50D6C1D6540770022772A /* Project object */ = {
			isa = PBXProject;
			attributes = {
				LastUpgradeCheck = 0730;
				ORGANIZATIONNAME = Framgia;
				TargetAttributes = {
					92D50D731D6540770022772A = {
						CreatedOnToolsVersion = 7.3.1;
					};
				};
			};
			buildConfigurationList = 92D50D6F1D6540770022772A /* Build configuration list for PBXProject "ShareMe" */;
			compatibilityVersion = "Xcode 3.2";
			developmentRegion = English;
			hasScannedForEncodings = 0;
			knownRegions = (
				en,
				Base,
			);
			mainGroup = 92D50D6B1D6540770022772A;
			productRefGroup = 92D50D751D6540770022772A /* Products */;
			projectDirPath = "";
			projectRoot = "";
			targets = (
				92D50D731D6540770022772A /* ShareMe */,
			);
		};
/* End PBXProject section */

/* Begin PBXResourcesBuildPhase section */
		92D50D721D6540770022772A /* Resources */ = {
			isa = PBXResourcesBuildPhase;
			buildActionMask = 2147483647;
			files = (
				928EBC0D1D6C371C001E7D3B /* RegisterView.xib in Resources */,
				92EB83651D6BEC1E004119FD /* Main.storyboard in Resources */,
				92D50D841D6540770022772A /* Assets.xcassets in Resources */,
			);
			runOnlyForDeploymentPostprocessing = 0;
		};
/* End PBXResourcesBuildPhase section */

/* Begin PBXShellScriptBuildPhase section */
		71B8B359C934C738EBA28EC1 /* [CP] Check Pods Manifest.lock */ = {
			isa = PBXShellScriptBuildPhase;
			buildActionMask = 2147483647;
			files = (
			);
			inputPaths = (
			);
			name = "[CP] Check Pods Manifest.lock";
			outputPaths = (
			);
			runOnlyForDeploymentPostprocessing = 0;
			shellPath = /bin/sh;
			shellScript = "diff \"${PODS_ROOT}/../Podfile.lock\" \"${PODS_ROOT}/Manifest.lock\" > /dev/null\nif [[ $? != 0 ]] ; then\n    cat << EOM\nerror: The sandbox is not in sync with the Podfile.lock. Run 'pod install' or update your CocoaPods installation.\nEOM\n    exit 1\nfi\n";
			showEnvVarsInLog = 0;
		};
		A6BF2F53723BAF58F2628482 /* [CP] Embed Pods Frameworks */ = {
			isa = PBXShellScriptBuildPhase;
			buildActionMask = 2147483647;
			files = (
			);
			inputPaths = (
			);
			name = "[CP] Embed Pods Frameworks";
			outputPaths = (
			);
			runOnlyForDeploymentPostprocessing = 0;
			shellPath = /bin/sh;
			shellScript = "\"${SRCROOT}/Pods/Target Support Files/Pods-ShareMe/Pods-ShareMe-frameworks.sh\"\n";
			showEnvVarsInLog = 0;
		};
		C1120FA9356DC37D408FF769 /* [CP] Copy Pods Resources */ = {
			isa = PBXShellScriptBuildPhase;
			buildActionMask = 2147483647;
			files = (
			);
			inputPaths = (
			);
			name = "[CP] Copy Pods Resources";
			outputPaths = (
			);
			runOnlyForDeploymentPostprocessing = 0;
			shellPath = /bin/sh;
			shellScript = "\"${SRCROOT}/Pods/Target Support Files/Pods-ShareMe/Pods-ShareMe-resources.sh\"\n";
			showEnvVarsInLog = 0;
		};
/* End PBXShellScriptBuildPhase section */

/* Begin PBXSourcesBuildPhase section */
		92D50D701D6540770022772A /* Sources */ = {
			isa = PBXSourcesBuildPhase;
			buildActionMask = 2147483647;
			files = (
				92441ABB1D66A96500F5426A /* User.m in Sources */,
				92441ABA1D66A96100F5426A /* Story.m in Sources */,
				92AF4F761D6ED72E00B92297 /* UIViewConstant.m in Sources */,
				92441AB91D66A95C00F5426A /* Message.m in Sources */,
				92A77CBE1D6ED09500FD19A3 /* SearchFriendTableViewController.m in Sources */,
				92441AB81D66A95700F5426A /* Comment.m in Sources */,
				924E10901D6D9AE1004DE853 /* ReceivedRequestTableViewCell.m in Sources */,
				924E109C1D6DA73C004DE853 /* MainTabBarViewController.m in Sources */,
				92441AB71D66A95300F5426A /* ClientSocketController.m in Sources */,
				924E109F1D6DBAE3004DE853 /* CALayer+UIColor.m in Sources */,
				924E108D1D6D99FE004DE853 /* RequestsTableViewController.m in Sources */,
				92EB83611D6BDB9E004119FD /* RegisterViewController.m in Sources */,
				92441AB61D66A94D00F5426A /* AppDelegate.m in Sources */,
				920391191D6D3EAB00BC5BE0 /* StoryTableViewCell.m in Sources */,
				92441AE61D66AD3400F5426A /* SocketConstant.m in Sources */,
				92441AB51D66A94200F5426A /* main.m in Sources */,
				922DB3F11D6B4D4C00AF2268 /* LoginViewController.m in Sources */,
				924E10931D6D9C1B004DE853 /* SentRequestTableViewCell.m in Sources */,
				92AF4F731D6ED3E100B92297 /* SearchFriendTableViewCell.m in Sources */,
				920391151D6D343E00BC5BE0 /* NewsFeedTableViewController.m in Sources */,
			);
			runOnlyForDeploymentPostprocessing = 0;
		};
/* End PBXSourcesBuildPhase section */

/* Begin XCBuildConfiguration section */
		92D50D891D6540770022772A /* Debug */ = {
			isa = XCBuildConfiguration;
			buildSettings = {
				ALWAYS_SEARCH_USER_PATHS = NO;
				CLANG_ANALYZER_NONNULL = YES;
				CLANG_CXX_LANGUAGE_STANDARD = "gnu++0x";
				CLANG_CXX_LIBRARY = "libc++";
				CLANG_ENABLE_MODULES = YES;
				CLANG_ENABLE_OBJC_ARC = YES;
				CLANG_WARN_BOOL_CONVERSION = YES;
				CLANG_WARN_CONSTANT_CONVERSION = YES;
				CLANG_WARN_DIRECT_OBJC_ISA_USAGE = YES_ERROR;
				CLANG_WARN_EMPTY_BODY = YES;
				CLANG_WARN_ENUM_CONVERSION = YES;
				CLANG_WARN_INT_CONVERSION = YES;
				CLANG_WARN_OBJC_ROOT_CLASS = YES_ERROR;
				CLANG_WARN_UNREACHABLE_CODE = YES;
				CLANG_WARN__DUPLICATE_METHOD_MATCH = YES;
				"CODE_SIGN_IDENTITY[sdk=iphoneos*]" = "iPhone Developer";
				COPY_PHASE_STRIP = NO;
				DEBUG_INFORMATION_FORMAT = dwarf;
				ENABLE_STRICT_OBJC_MSGSEND = YES;
				ENABLE_TESTABILITY = YES;
				GCC_C_LANGUAGE_STANDARD = gnu99;
				GCC_DYNAMIC_NO_PIC = NO;
				GCC_NO_COMMON_BLOCKS = YES;
				GCC_OPTIMIZATION_LEVEL = 0;
				GCC_PREPROCESSOR_DEFINITIONS = (
					"DEBUG=1",
					"$(inherited)",
				);
				GCC_WARN_64_TO_32_BIT_CONVERSION = YES;
				GCC_WARN_ABOUT_RETURN_TYPE = YES_ERROR;
				GCC_WARN_UNDECLARED_SELECTOR = YES;
				GCC_WARN_UNINITIALIZED_AUTOS = YES_AGGRESSIVE;
				GCC_WARN_UNUSED_FUNCTION = YES;
				GCC_WARN_UNUSED_VARIABLE = YES;
				IPHONEOS_DEPLOYMENT_TARGET = 9.3;
				MTL_ENABLE_DEBUG_INFO = YES;
				ONLY_ACTIVE_ARCH = YES;
				SDKROOT = iphoneos;
			};
			name = Debug;
		};
		92D50D8A1D6540770022772A /* Release */ = {
			isa = XCBuildConfiguration;
			buildSettings = {
				ALWAYS_SEARCH_USER_PATHS = NO;
				CLANG_ANALYZER_NONNULL = YES;
				CLANG_CXX_LANGUAGE_STANDARD = "gnu++0x";
				CLANG_CXX_LIBRARY = "libc++";
				CLANG_ENABLE_MODULES = YES;
				CLANG_ENABLE_OBJC_ARC = YES;
				CLANG_WARN_BOOL_CONVERSION = YES;
				CLANG_WARN_CONSTANT_CONVERSION = YES;
				CLANG_WARN_DIRECT_OBJC_ISA_USAGE = YES_ERROR;
				CLANG_WARN_EMPTY_BODY = YES;
				CLANG_WARN_ENUM_CONVERSION = YES;
				CLANG_WARN_INT_CONVERSION = YES;
				CLANG_WARN_OBJC_ROOT_CLASS = YES_ERROR;
				CLANG_WARN_UNREACHABLE_CODE = YES;
				CLANG_WARN__DUPLICATE_METHOD_MATCH = YES;
				"CODE_SIGN_IDENTITY[sdk=iphoneos*]" = "iPhone Developer";
				COPY_PHASE_STRIP = NO;
				DEBUG_INFORMATION_FORMAT = "dwarf-with-dsym";
				ENABLE_NS_ASSERTIONS = NO;
				ENABLE_STRICT_OBJC_MSGSEND = YES;
				GCC_C_LANGUAGE_STANDARD = gnu99;
				GCC_NO_COMMON_BLOCKS = YES;
				GCC_WARN_64_TO_32_BIT_CONVERSION = YES;
				GCC_WARN_ABOUT_RETURN_TYPE = YES_ERROR;
				GCC_WARN_UNDECLARED_SELECTOR = YES;
				GCC_WARN_UNINITIALIZED_AUTOS = YES_AGGRESSIVE;
				GCC_WARN_UNUSED_FUNCTION = YES;
				GCC_WARN_UNUSED_VARIABLE = YES;
				IPHONEOS_DEPLOYMENT_TARGET = 9.3;
				MTL_ENABLE_DEBUG_INFO = NO;
				SDKROOT = iphoneos;
				VALIDATE_PRODUCT = YES;
			};
			name = Release;
		};
		92D50D8C1D6540770022772A /* Debug */ = {
			isa = XCBuildConfiguration;
			baseConfigurationReference = 0EDEA1FB161204A0BD2CE6B5 /* Pods-ShareMe.debug.xcconfig */;
			buildSettings = {
				ASSETCATALOG_COMPILER_APPICON_NAME = AppIcon;
				INFOPLIST_FILE = ShareMe/Info.plist;
				LD_RUNPATH_SEARCH_PATHS = "$(inherited) @executable_path/Frameworks";
				PRODUCT_BUNDLE_IDENTIFIER = com.framgia.ShareMe;
				PRODUCT_NAME = "$(TARGET_NAME)";
			};
			name = Debug;
		};
		92D50D8D1D6540770022772A /* Release */ = {
			isa = XCBuildConfiguration;
			baseConfigurationReference = 7931857DC026561F20153570 /* Pods-ShareMe.release.xcconfig */;
			buildSettings = {
				ASSETCATALOG_COMPILER_APPICON_NAME = AppIcon;
				INFOPLIST_FILE = ShareMe/Info.plist;
				LD_RUNPATH_SEARCH_PATHS = "$(inherited) @executable_path/Frameworks";
				PRODUCT_BUNDLE_IDENTIFIER = com.framgia.ShareMe;
				PRODUCT_NAME = "$(TARGET_NAME)";
			};
			name = Release;
		};
/* End XCBuildConfiguration section */

/* Begin XCConfigurationList section */
		92D50D6F1D6540770022772A /* Build configuration list for PBXProject "ShareMe" */ = {
			isa = XCConfigurationList;
			buildConfigurations = (
				92D50D891D6540770022772A /* Debug */,
				92D50D8A1D6540770022772A /* Release */,
			);
			defaultConfigurationIsVisible = 0;
			defaultConfigurationName = Release;
		};
		92D50D8B1D6540770022772A /* Build configuration list for PBXNativeTarget "ShareMe" */ = {
			isa = XCConfigurationList;
			buildConfigurations = (
				92D50D8C1D6540770022772A /* Debug */,
				92D50D8D1D6540770022772A /* Release */,
			);
			defaultConfigurationIsVisible = 0;
			defaultConfigurationName = Release;
		};
/* End XCConfigurationList section */
	};
	rootObject = 92D50D6C1D6540770022772A /* Project object */;
}
